// !$*UTF8*$!
{
	archiveVersion = 1;
	classes = {
	};
	objectVersion = 46;
	objects = {

/* Begin PBXBuildFile section */
		15A5427B172DBFB90062531E /* UIKit.framework in Frameworks */ = {isa = PBXBuildFile; fileRef = 15A5427A172DBFB90062531E /* UIKit.framework */; };
		15A5427D172DBFB90062531E /* Foundation.framework in Frameworks */ = {isa = PBXBuildFile; fileRef = 15A5427C172DBFB90062531E /* Foundation.framework */; };
		15A5427F172DBFB90062531E /* CoreGraphics.framework in Frameworks */ = {isa = PBXBuildFile; fileRef = 15A5427E172DBFB90062531E /* CoreGraphics.framework */; };
		15A54285172DBFB90062531E /* InfoPlist.strings in Resources */ = {isa = PBXBuildFile; fileRef = 15A54283172DBFB90062531E /* InfoPlist.strings */; };
		15A54287172DBFB90062531E /* main.m in Sources */ = {isa = PBXBuildFile; fileRef = 15A54286172DBFB90062531E /* main.m */; };
		15A5428B172DBFB90062531E /* AppDelegate.m in Sources */ = {isa = PBXBuildFile; fileRef = 15A5428A172DBFB90062531E /* AppDelegate.m */; };
		15A5428D172DBFB90062531E /* Default.png in Resources */ = {isa = PBXBuildFile; fileRef = 15A5428C172DBFB90062531E /* Default.png */; };
		15A5428F172DBFB90062531E /* Default@2x.png in Resources */ = {isa = PBXBuildFile; fileRef = 15A5428E172DBFB90062531E /* Default@2x.png */; };
		15A54291172DBFB90062531E /* Default-568h@2x.png in Resources */ = {isa = PBXBuildFile; fileRef = 15A54290172DBFB90062531E /* Default-568h@2x.png */; };
		15A54294172DBFB90062531E /* MainStoryboard_iPhone.storyboard in Resources */ = {isa = PBXBuildFile; fileRef = 15A54292172DBFB90062531E /* MainStoryboard_iPhone.storyboard */; };
		15A54297172DBFB90062531E /* MainStoryboard_iPad.storyboard in Resources */ = {isa = PBXBuildFile; fileRef = 15A54295172DBFB90062531E /* MainStoryboard_iPad.storyboard */; };
		15A542A2172DBFB90062531E /* SenTestingKit.framework in Frameworks */ = {isa = PBXBuildFile; fileRef = 15A542A1172DBFB90062531E /* SenTestingKit.framework */; };
		15A542A3172DBFB90062531E /* UIKit.framework in Frameworks */ = {isa = PBXBuildFile; fileRef = 15A5427A172DBFB90062531E /* UIKit.framework */; };
		15A542A4172DBFB90062531E /* Foundation.framework in Frameworks */ = {isa = PBXBuildFile; fileRef = 15A5427C172DBFB90062531E /* Foundation.framework */; };
		15A542AC172DBFBA0062531E /* InfoPlist.strings in Resources */ = {isa = PBXBuildFile; fileRef = 15A542AA172DBFBA0062531E /* InfoPlist.strings */; };
		15A542AF172DBFBA0062531E /* RepositoriesViewControllerTests.m in Sources */ = {isa = PBXBuildFile; fileRef = 15A542AE172DBFBA0062531E /* RepositoriesViewControllerTests.m */; };
		15A542D8172E064A0062531E /* DIInjector.m in Sources */ = {isa = PBXBuildFile; fileRef = 15A542D7172E064A0062531E /* DIInjector.m */; };
		15A542F7172E11CA0062531E /* DIMockConfig.m in Sources */ = {isa = PBXBuildFile; fileRef = 15A542F6172E11CA0062531E /* DIMockConfig.m */; };
		15A5432B172E1F040062531E /* libOCMock.a in Frameworks */ = {isa = PBXBuildFile; fileRef = 15A54323172E1F040062531E /* libOCMock.a */; };
		15C9AC7D18A7FD8B006E6F27 /* DIContructorInjectorProxy.m in Sources */ = {isa = PBXBuildFile; fileRef = 15C9AC7C18A7FD8B006E6F27 /* DIContructorInjectorProxy.m */; };
		15C9AC8018A81C33006E6F27 /* DIInjectionInfo.m in Sources */ = {isa = PBXBuildFile; fileRef = 15C9AC7F18A81C33006E6F27 /* DIInjectionInfo.m */; };
		15C9ACC118AB27D2006E6F27 /* SystemConfiguration.framework in Frameworks */ = {isa = PBXBuildFile; fileRef = 15C9ACC018AB27D2006E6F27 /* SystemConfiguration.framework */; };
		15C9ACC318AB27EC006E6F27 /* MobileCoreServices.framework in Frameworks */ = {isa = PBXBuildFile; fileRef = 15C9ACC218AB27EC006E6F27 /* MobileCoreServices.framework */; };
		993F03C91730257500A21C93 /* DIAbstractModule.m in Sources */ = {isa = PBXBuildFile; fileRef = 993F03C81730257500A21C93 /* DIAbstractModule.m */; };
		993F042A17316AD200A21C93 /* DIInjectorTest.m in Sources */ = {isa = PBXBuildFile; fileRef = 993F042917316AD200A21C93 /* DIInjectorTest.m */; };
		99FA8F4C18AA901100CA4AE1 /* DIConfig.m in Sources */ = {isa = PBXBuildFile; fileRef = 99FA8F3D18AA901100CA4AE1 /* DIConfig.m */; };
		99FA8F5418AA93F100CA4AE1 /* Client.m in Sources */ = {isa = PBXBuildFile; fileRef = 99FA8F5218AA93F100CA4AE1 /* Client.m */; };
		99FA8F5718AA940800CA4AE1 /* ApplicationConfiguration.m in Sources */ = {isa = PBXBuildFile; fileRef = 99FA8F5618AA940800CA4AE1 /* ApplicationConfiguration.m */; };
		99FA8F5B18AA946E00CA4AE1 /* GitHubClient.m in Sources */ = {isa = PBXBuildFile; fileRef = 99FA8F5A18AA946E00CA4AE1 /* GitHubClient.m */; };
		99FA8F9118AA94D600CA4AE1 /* AFHTTPClient.m in Sources */ = {isa = PBXBuildFile; fileRef = 99FA8F5F18AA94D500CA4AE1 /* AFHTTPClient.m */; };
		99FA8F9218AA94D600CA4AE1 /* AFHTTPRequestOperation.m in Sources */ = {isa = PBXBuildFile; fileRef = 99FA8F6118AA94D500CA4AE1 /* AFHTTPRequestOperation.m */; };
		99FA8F9318AA94D600CA4AE1 /* AFImageRequestOperation.m in Sources */ = {isa = PBXBuildFile; fileRef = 99FA8F6318AA94D500CA4AE1 /* AFImageRequestOperation.m */; };
		99FA8F9418AA94D600CA4AE1 /* AFJSONRequestOperation.m in Sources */ = {isa = PBXBuildFile; fileRef = 99FA8F6518AA94D500CA4AE1 /* AFJSONRequestOperation.m */; };
		99FA8F9518AA94D600CA4AE1 /* AFNetworkActivityIndicatorManager.m in Sources */ = {isa = PBXBuildFile; fileRef = 99FA8F6718AA94D500CA4AE1 /* AFNetworkActivityIndicatorManager.m */; };
		99FA8F9618AA94D600CA4AE1 /* AFPropertyListRequestOperation.m in Sources */ = {isa = PBXBuildFile; fileRef = 99FA8F6A18AA94D500CA4AE1 /* AFPropertyListRequestOperation.m */; };
		99FA8F9718AA94D600CA4AE1 /* AFURLConnectionOperation.m in Sources */ = {isa = PBXBuildFile; fileRef = 99FA8F6C18AA94D500CA4AE1 /* AFURLConnectionOperation.m */; };
		99FA8F9818AA94D600CA4AE1 /* AFXMLRequestOperation.m in Sources */ = {isa = PBXBuildFile; fileRef = 99FA8F6E18AA94D500CA4AE1 /* AFXMLRequestOperation.m */; };
		99FA8F9918AA94D600CA4AE1 /* UIImageView+AFNetworking.m in Sources */ = {isa = PBXBuildFile; fileRef = 99FA8F7018AA94D500CA4AE1 /* UIImageView+AFNetworking.m */; };
		99FA8F9A18AA94D600CA4AE1 /* NSDictionary+ObjectMapper.m in Sources */ = {isa = PBXBuildFile; fileRef = 99FA8F7418AA94D500CA4AE1 /* NSDictionary+ObjectMapper.m */; };
		99FA8F9B18AA94D600CA4AE1 /* NSObject+ObjectMapper.m in Sources */ = {isa = PBXBuildFile; fileRef = 99FA8F7618AA94D500CA4AE1 /* NSObject+ObjectMapper.m */; };
		99FA8F9D18AA94D600CA4AE1 /* ObjectInstanceProvider.m in Sources */ = {isa = PBXBuildFile; fileRef = 99FA8F7C18AA94D600CA4AE1 /* ObjectInstanceProvider.m */; };
		99FA8F9E18AA94D600CA4AE1 /* CommonLoggingProvider.m in Sources */ = {isa = PBXBuildFile; fileRef = 99FA8F7F18AA94D600CA4AE1 /* CommonLoggingProvider.m */; };
		99FA8F9F18AA94D600CA4AE1 /* InCodeMappingProvider.m in Sources */ = {isa = PBXBuildFile; fileRef = 99FA8F8418AA94D600CA4AE1 /* InCodeMappingProvider.m */; };
		99FA8FA018AA94D600CA4AE1 /* PLISTMappingProvider.m in Sources */ = {isa = PBXBuildFile; fileRef = 99FA8F8818AA94D600CA4AE1 /* PLISTMappingProvider.m */; };
		99FA8FA118AA94D600CA4AE1 /* XMLMappingProvider.m in Sources */ = {isa = PBXBuildFile; fileRef = 99FA8F8B18AA94D600CA4AE1 /* XMLMappingProvider.m */; };
		99FA8FA218AA94D600CA4AE1 /* ObjectMapper.m in Sources */ = {isa = PBXBuildFile; fileRef = 99FA8F8D18AA94D600CA4AE1 /* ObjectMapper.m */; };
		99FA8FA318AA94D600CA4AE1 /* ObjectMappingInfo.m in Sources */ = {isa = PBXBuildFile; fileRef = 99FA8F8F18AA94D600CA4AE1 /* ObjectMappingInfo.m */; };
		99FA8FA718AA992D00CA4AE1 /* Repository.m in Sources */ = {isa = PBXBuildFile; fileRef = 99FA8FA618AA992D00CA4AE1 /* Repository.m */; };
		99FA8FAA18AA996500CA4AE1 /* OCMapperConfig.m in Sources */ = {isa = PBXBuildFile; fileRef = 99FA8FA918AA996500CA4AE1 /* OCMapperConfig.m */; };
		99FA8FAD18AA99C700CA4AE1 /* User.m in Sources */ = {isa = PBXBuildFile; fileRef = 99FA8FAC18AA99C700CA4AE1 /* User.m */; };
		99FA8FE418AAD25B00CA4AE1 /* ContributorsViewController.m in Sources */ = {isa = PBXBuildFile; fileRef = 99FA8FE118AAD25B00CA4AE1 /* ContributorsViewController.m */; };
		99FA8FE518AAD25B00CA4AE1 /* RepositoriesViewController.m in Sources */ = {isa = PBXBuildFile; fileRef = 99FA8FE318AAD25B00CA4AE1 /* RepositoriesViewController.m */; };
		99FA8FE818AAD26B00CA4AE1 /* placeholder.png in Resources */ = {isa = PBXBuildFile; fileRef = 99FA8FE718AAD26B00CA4AE1 /* placeholder.png */; };
		99FA8FEB18AAD50800CA4AE1 /* BaseTest.m in Sources */ = {isa = PBXBuildFile; fileRef = 99FA8FEA18AAD50800CA4AE1 /* BaseTest.m */; };
/* End PBXBuildFile section */

/* Begin PBXContainerItemProxy section */
		15A542A5172DBFB90062531E /* PBXContainerItemProxy */ = {
			isa = PBXContainerItemProxy;
			containerPortal = 15A5426D172DBFB90062531E /* Project object */;
			proxyType = 1;
			remoteGlobalIDString = 15A54275172DBFB90062531E;
			remoteInfo = OCDependencyInjection;
		};
/* End PBXContainerItemProxy section */

/* Begin PBXFileReference section */
		158388B717304DF3006DE713 /* OCInjection.h */ = {isa = PBXFileReference; fileEncoding = 4; lastKnownFileType = sourcecode.c.h; path = OCInjection.h; sourceTree = "<group>"; };
		15A54276172DBFB90062531E /* OCInjection.app */ = {isa = PBXFileReference; explicitFileType = wrapper.application; includeInIndex = 0; path = OCInjection.app; sourceTree = BUILT_PRODUCTS_DIR; };
		15A5427A172DBFB90062531E /* UIKit.framework */ = {isa = PBXFileReference; lastKnownFileType = wrapper.framework; name = UIKit.framework; path = System/Library/Frameworks/UIKit.framework; sourceTree = SDKROOT; };
		15A5427C172DBFB90062531E /* Foundation.framework */ = {isa = PBXFileReference; lastKnownFileType = wrapper.framework; name = Foundation.framework; path = System/Library/Frameworks/Foundation.framework; sourceTree = SDKROOT; };
		15A5427E172DBFB90062531E /* CoreGraphics.framework */ = {isa = PBXFileReference; lastKnownFileType = wrapper.framework; name = CoreGraphics.framework; path = System/Library/Frameworks/CoreGraphics.framework; sourceTree = SDKROOT; };
		15A54282172DBFB90062531E /* OCInjection-Info.plist */ = {isa = PBXFileReference; lastKnownFileType = text.plist.xml; path = "OCInjection-Info.plist"; sourceTree = "<group>"; };
		15A54284172DBFB90062531E /* en */ = {isa = PBXFileReference; lastKnownFileType = text.plist.strings; name = en; path = en.lproj/InfoPlist.strings; sourceTree = "<group>"; };
		15A54286172DBFB90062531E /* main.m */ = {isa = PBXFileReference; lastKnownFileType = sourcecode.c.objc; path = main.m; sourceTree = "<group>"; };
		15A54288172DBFB90062531E /* OCInjection-Prefix.pch */ = {isa = PBXFileReference; lastKnownFileType = sourcecode.c.h; path = "OCInjection-Prefix.pch"; sourceTree = "<group>"; };
		15A54289172DBFB90062531E /* AppDelegate.h */ = {isa = PBXFileReference; lastKnownFileType = sourcecode.c.h; path = AppDelegate.h; sourceTree = "<group>"; };
		15A5428A172DBFB90062531E /* AppDelegate.m */ = {isa = PBXFileReference; lastKnownFileType = sourcecode.c.objc; path = AppDelegate.m; sourceTree = "<group>"; };
		15A5428C172DBFB90062531E /* Default.png */ = {isa = PBXFileReference; lastKnownFileType = image.png; path = Default.png; sourceTree = "<group>"; };
		15A5428E172DBFB90062531E /* Default@2x.png */ = {isa = PBXFileReference; lastKnownFileType = image.png; path = "Default@2x.png"; sourceTree = "<group>"; };
		15A54290172DBFB90062531E /* Default-568h@2x.png */ = {isa = PBXFileReference; lastKnownFileType = image.png; path = "Default-568h@2x.png"; sourceTree = "<group>"; };
		15A54293172DBFB90062531E /* en */ = {isa = PBXFileReference; lastKnownFileType = file.storyboard; name = en; path = en.lproj/MainStoryboard_iPhone.storyboard; sourceTree = "<group>"; };
		15A54296172DBFB90062531E /* en */ = {isa = PBXFileReference; lastKnownFileType = file.storyboard; name = en; path = en.lproj/MainStoryboard_iPad.storyboard; sourceTree = "<group>"; };
		15A542A0172DBFB90062531E /* OCInjectionTests.octest */ = {isa = PBXFileReference; explicitFileType = wrapper.cfbundle; includeInIndex = 0; path = OCInjectionTests.octest; sourceTree = BUILT_PRODUCTS_DIR; };
		15A542A1172DBFB90062531E /* SenTestingKit.framework */ = {isa = PBXFileReference; lastKnownFileType = wrapper.framework; name = SenTestingKit.framework; path = Library/Frameworks/SenTestingKit.framework; sourceTree = DEVELOPER_DIR; };
		15A542A9172DBFBA0062531E /* OCInjectionTests-Info.plist */ = {isa = PBXFileReference; lastKnownFileType = text.plist.xml; path = "OCInjectionTests-Info.plist"; sourceTree = "<group>"; };
		15A542AB172DBFBA0062531E /* en */ = {isa = PBXFileReference; lastKnownFileType = text.plist.strings; name = en; path = en.lproj/InfoPlist.strings; sourceTree = "<group>"; };
		15A542AD172DBFBA0062531E /* RepositoriesViewControllerTests.h */ = {isa = PBXFileReference; lastKnownFileType = sourcecode.c.h; path = RepositoriesViewControllerTests.h; sourceTree = "<group>"; };
		15A542AE172DBFBA0062531E /* RepositoriesViewControllerTests.m */ = {isa = PBXFileReference; lastKnownFileType = sourcecode.c.objc; path = RepositoriesViewControllerTests.m; sourceTree = "<group>"; };
		15A542D6172E064A0062531E /* DIInjector.h */ = {isa = PBXFileReference; fileEncoding = 4; lastKnownFileType = sourcecode.c.h; path = DIInjector.h; sourceTree = "<group>"; };
		15A542D7172E064A0062531E /* DIInjector.m */ = {isa = PBXFileReference; fileEncoding = 4; lastKnownFileType = sourcecode.c.objc; path = DIInjector.m; sourceTree = "<group>"; };
		15A542F5172E11CA0062531E /* DIMockConfig.h */ = {isa = PBXFileReference; fileEncoding = 4; lastKnownFileType = sourcecode.c.h; path = DIMockConfig.h; sourceTree = "<group>"; };
		15A542F6172E11CA0062531E /* DIMockConfig.m */ = {isa = PBXFileReference; fileEncoding = 4; lastKnownFileType = sourcecode.c.objc; path = DIMockConfig.m; sourceTree = "<group>"; };
		15A54323172E1F040062531E /* libOCMock.a */ = {isa = PBXFileReference; lastKnownFileType = archive.ar; path = libOCMock.a; sourceTree = "<group>"; };
		15A54325172E1F040062531E /* NSNotificationCenter+OCMAdditions.h */ = {isa = PBXFileReference; fileEncoding = 4; lastKnownFileType = sourcecode.c.h; path = "NSNotificationCenter+OCMAdditions.h"; sourceTree = "<group>"; };
		15A54326172E1F040062531E /* OCMArg.h */ = {isa = PBXFileReference; fileEncoding = 4; lastKnownFileType = sourcecode.c.h; path = OCMArg.h; sourceTree = "<group>"; };
		15A54327172E1F040062531E /* OCMConstraint.h */ = {isa = PBXFileReference; fileEncoding = 4; lastKnownFileType = sourcecode.c.h; path = OCMConstraint.h; sourceTree = "<group>"; };
		15A54328172E1F040062531E /* OCMock.h */ = {isa = PBXFileReference; fileEncoding = 4; lastKnownFileType = sourcecode.c.h; path = OCMock.h; sourceTree = "<group>"; };
		15A54329172E1F040062531E /* OCMockObject.h */ = {isa = PBXFileReference; fileEncoding = 4; lastKnownFileType = sourcecode.c.h; path = OCMockObject.h; sourceTree = "<group>"; };
		15A5432A172E1F040062531E /* OCMockRecorder.h */ = {isa = PBXFileReference; fileEncoding = 4; lastKnownFileType = sourcecode.c.h; path = OCMockRecorder.h; sourceTree = "<group>"; };
		15C9AC7B18A7FD8B006E6F27 /* DIContructorInjectorProxy.h */ = {isa = PBXFileReference; fileEncoding = 4; lastKnownFileType = sourcecode.c.h; path = DIContructorInjectorProxy.h; sourceTree = "<group>"; };
		15C9AC7C18A7FD8B006E6F27 /* DIContructorInjectorProxy.m */ = {isa = PBXFileReference; fileEncoding = 4; lastKnownFileType = sourcecode.c.objc; path = DIContructorInjectorProxy.m; sourceTree = "<group>"; };
		15C9AC7E18A81C33006E6F27 /* DIInjectionInfo.h */ = {isa = PBXFileReference; fileEncoding = 4; lastKnownFileType = sourcecode.c.h; path = DIInjectionInfo.h; sourceTree = "<group>"; };
		15C9AC7F18A81C33006E6F27 /* DIInjectionInfo.m */ = {isa = PBXFileReference; fileEncoding = 4; lastKnownFileType = sourcecode.c.objc; path = DIInjectionInfo.m; sourceTree = "<group>"; };
		15C9ACC018AB27D2006E6F27 /* SystemConfiguration.framework */ = {isa = PBXFileReference; lastKnownFileType = wrapper.framework; name = SystemConfiguration.framework; path = System/Library/Frameworks/SystemConfiguration.framework; sourceTree = SDKROOT; };
		15C9ACC218AB27EC006E6F27 /* MobileCoreServices.framework */ = {isa = PBXFileReference; lastKnownFileType = wrapper.framework; name = MobileCoreServices.framework; path = System/Library/Frameworks/MobileCoreServices.framework; sourceTree = SDKROOT; };
		993F03C71730257500A21C93 /* DIAbstractModule.h */ = {isa = PBXFileReference; fileEncoding = 4; lastKnownFileType = sourcecode.c.h; path = DIAbstractModule.h; sourceTree = "<group>"; };
		993F03C81730257500A21C93 /* DIAbstractModule.m */ = {isa = PBXFileReference; fileEncoding = 4; lastKnownFileType = sourcecode.c.objc; path = DIAbstractModule.m; sourceTree = "<group>"; };
		993F0425173169D700A21C93 /* DIInjectorTest.h */ = {isa = PBXFileReference; fileEncoding = 4; lastKnownFileType = sourcecode.c.h; path = DIInjectorTest.h; sourceTree = "<group>"; };
		993F042917316AD200A21C93 /* DIInjectorTest.m */ = {isa = PBXFileReference; fileEncoding = 4; lastKnownFileType = sourcecode.c.objc; path = DIInjectorTest.m; sourceTree = "<group>"; };
		99FA8F3C18AA901100CA4AE1 /* DIConfig.h */ = {isa = PBXFileReference; fileEncoding = 4; lastKnownFileType = sourcecode.c.h; path = DIConfig.h; sourceTree = "<group>"; };
		99FA8F3D18AA901100CA4AE1 /* DIConfig.m */ = {isa = PBXFileReference; fileEncoding = 4; lastKnownFileType = sourcecode.c.objc; path = DIConfig.m; sourceTree = "<group>"; };
		99FA8F5118AA93F100CA4AE1 /* Client.h */ = {isa = PBXFileReference; fileEncoding = 4; lastKnownFileType = sourcecode.c.h; path = Client.h; sourceTree = "<group>"; };
		99FA8F5218AA93F100CA4AE1 /* Client.m */ = {isa = PBXFileReference; fileEncoding = 4; lastKnownFileType = sourcecode.c.objc; path = Client.m; sourceTree = "<group>"; };
		99FA8F5318AA93F100CA4AE1 /* ClientProtocol.h */ = {isa = PBXFileReference; fileEncoding = 4; lastKnownFileType = sourcecode.c.h; path = ClientProtocol.h; sourceTree = "<group>"; };
		99FA8F5518AA940800CA4AE1 /* ApplicationConfiguration.h */ = {isa = PBXFileReference; fileEncoding = 4; lastKnownFileType = sourcecode.c.h; path = ApplicationConfiguration.h; sourceTree = "<group>"; };
		99FA8F5618AA940800CA4AE1 /* ApplicationConfiguration.m */ = {isa = PBXFileReference; fileEncoding = 4; lastKnownFileType = sourcecode.c.objc; path = ApplicationConfiguration.m; sourceTree = "<group>"; };
		99FA8F5818AA941B00CA4AE1 /* ApplicationConfigurationProtocol.h */ = {isa = PBXFileReference; fileEncoding = 4; lastKnownFileType = sourcecode.c.h; path = ApplicationConfigurationProtocol.h; sourceTree = "<group>"; };
		99FA8F5918AA946E00CA4AE1 /* GitHubClient.h */ = {isa = PBXFileReference; fileEncoding = 4; lastKnownFileType = sourcecode.c.h; path = GitHubClient.h; sourceTree = "<group>"; };
		99FA8F5A18AA946E00CA4AE1 /* GitHubClient.m */ = {isa = PBXFileReference; fileEncoding = 4; lastKnownFileType = sourcecode.c.objc; path = GitHubClient.m; sourceTree = "<group>"; };
		99FA8F5C18AA947B00CA4AE1 /* GitHubClientProtocol.h */ = {isa = PBXFileReference; fileEncoding = 4; lastKnownFileType = sourcecode.c.h; path = GitHubClientProtocol.h; sourceTree = "<group>"; };
		99FA8F5E18AA94D500CA4AE1 /* AFHTTPClient.h */ = {isa = PBXFileReference; fileEncoding = 4; lastKnownFileType = sourcecode.c.h; path = AFHTTPClient.h; sourceTree = "<group>"; };
		99FA8F5F18AA94D500CA4AE1 /* AFHTTPClient.m */ = {isa = PBXFileReference; fileEncoding = 4; lastKnownFileType = sourcecode.c.objc; path = AFHTTPClient.m; sourceTree = "<group>"; };
		99FA8F6018AA94D500CA4AE1 /* AFHTTPRequestOperation.h */ = {isa = PBXFileReference; fileEncoding = 4; lastKnownFileType = sourcecode.c.h; path = AFHTTPRequestOperation.h; sourceTree = "<group>"; };
		99FA8F6118AA94D500CA4AE1 /* AFHTTPRequestOperation.m */ = {isa = PBXFileReference; fileEncoding = 4; lastKnownFileType = sourcecode.c.objc; path = AFHTTPRequestOperation.m; sourceTree = "<group>"; };
		99FA8F6218AA94D500CA4AE1 /* AFImageRequestOperation.h */ = {isa = PBXFileReference; fileEncoding = 4; lastKnownFileType = sourcecode.c.h; path = AFImageRequestOperation.h; sourceTree = "<group>"; };
		99FA8F6318AA94D500CA4AE1 /* AFImageRequestOperation.m */ = {isa = PBXFileReference; fileEncoding = 4; lastKnownFileType = sourcecode.c.objc; path = AFImageRequestOperation.m; sourceTree = "<group>"; };
		99FA8F6418AA94D500CA4AE1 /* AFJSONRequestOperation.h */ = {isa = PBXFileReference; fileEncoding = 4; lastKnownFileType = sourcecode.c.h; path = AFJSONRequestOperation.h; sourceTree = "<group>"; };
		99FA8F6518AA94D500CA4AE1 /* AFJSONRequestOperation.m */ = {isa = PBXFileReference; fileEncoding = 4; lastKnownFileType = sourcecode.c.objc; path = AFJSONRequestOperation.m; sourceTree = "<group>"; };
		99FA8F6618AA94D500CA4AE1 /* AFNetworkActivityIndicatorManager.h */ = {isa = PBXFileReference; fileEncoding = 4; lastKnownFileType = sourcecode.c.h; path = AFNetworkActivityIndicatorManager.h; sourceTree = "<group>"; };
		99FA8F6718AA94D500CA4AE1 /* AFNetworkActivityIndicatorManager.m */ = {isa = PBXFileReference; fileEncoding = 4; lastKnownFileType = sourcecode.c.objc; path = AFNetworkActivityIndicatorManager.m; sourceTree = "<group>"; };
		99FA8F6818AA94D500CA4AE1 /* AFNetworking.h */ = {isa = PBXFileReference; fileEncoding = 4; lastKnownFileType = sourcecode.c.h; path = AFNetworking.h; sourceTree = "<group>"; };
		99FA8F6918AA94D500CA4AE1 /* AFPropertyListRequestOperation.h */ = {isa = PBXFileReference; fileEncoding = 4; lastKnownFileType = sourcecode.c.h; path = AFPropertyListRequestOperation.h; sourceTree = "<group>"; };
		99FA8F6A18AA94D500CA4AE1 /* AFPropertyListRequestOperation.m */ = {isa = PBXFileReference; fileEncoding = 4; lastKnownFileType = sourcecode.c.objc; path = AFPropertyListRequestOperation.m; sourceTree = "<group>"; };
		99FA8F6B18AA94D500CA4AE1 /* AFURLConnectionOperation.h */ = {isa = PBXFileReference; fileEncoding = 4; lastKnownFileType = sourcecode.c.h; path = AFURLConnectionOperation.h; sourceTree = "<group>"; };
		99FA8F6C18AA94D500CA4AE1 /* AFURLConnectionOperation.m */ = {isa = PBXFileReference; fileEncoding = 4; lastKnownFileType = sourcecode.c.objc; path = AFURLConnectionOperation.m; sourceTree = "<group>"; };
		99FA8F6D18AA94D500CA4AE1 /* AFXMLRequestOperation.h */ = {isa = PBXFileReference; fileEncoding = 4; lastKnownFileType = sourcecode.c.h; path = AFXMLRequestOperation.h; sourceTree = "<group>"; };
		99FA8F6E18AA94D500CA4AE1 /* AFXMLRequestOperation.m */ = {isa = PBXFileReference; fileEncoding = 4; lastKnownFileType = sourcecode.c.objc; path = AFXMLRequestOperation.m; sourceTree = "<group>"; };
		99FA8F6F18AA94D500CA4AE1 /* UIImageView+AFNetworking.h */ = {isa = PBXFileReference; fileEncoding = 4; lastKnownFileType = sourcecode.c.h; path = "UIImageView+AFNetworking.h"; sourceTree = "<group>"; };
		99FA8F7018AA94D500CA4AE1 /* UIImageView+AFNetworking.m */ = {isa = PBXFileReference; fileEncoding = 4; lastKnownFileType = sourcecode.c.objc; path = "UIImageView+AFNetworking.m"; sourceTree = "<group>"; };
		99FA8F7318AA94D500CA4AE1 /* NSDictionary+ObjectMapper.h */ = {isa = PBXFileReference; fileEncoding = 4; lastKnownFileType = sourcecode.c.h; path = "NSDictionary+ObjectMapper.h"; sourceTree = "<group>"; };
		99FA8F7418AA94D500CA4AE1 /* NSDictionary+ObjectMapper.m */ = {isa = PBXFileReference; fileEncoding = 4; lastKnownFileType = sourcecode.c.objc; path = "NSDictionary+ObjectMapper.m"; sourceTree = "<group>"; };
		99FA8F7518AA94D500CA4AE1 /* NSObject+ObjectMapper.h */ = {isa = PBXFileReference; fileEncoding = 4; lastKnownFileType = sourcecode.c.h; path = "NSObject+ObjectMapper.h"; sourceTree = "<group>"; };
		99FA8F7618AA94D500CA4AE1 /* NSObject+ObjectMapper.m */ = {isa = PBXFileReference; fileEncoding = 4; lastKnownFileType = sourcecode.c.objc; path = "NSObject+ObjectMapper.m"; sourceTree = "<group>"; };
		99FA8F7818AA94D600CA4AE1 /* InstanceProvider.h */ = {isa = PBXFileReference; fileEncoding = 4; lastKnownFileType = sourcecode.c.h; path = InstanceProvider.h; sourceTree = "<group>"; };
		99FA8F7B18AA94D600CA4AE1 /* ObjectInstanceProvider.h */ = {isa = PBXFileReference; fileEncoding = 4; lastKnownFileType = sourcecode.c.h; path = ObjectInstanceProvider.h; sourceTree = "<group>"; };
		99FA8F7C18AA94D600CA4AE1 /* ObjectInstanceProvider.m */ = {isa = PBXFileReference; fileEncoding = 4; lastKnownFileType = sourcecode.c.objc; path = ObjectInstanceProvider.m; sourceTree = "<group>"; };
		99FA8F7E18AA94D600CA4AE1 /* CommonLoggingProvider.h */ = {isa = PBXFileReference; fileEncoding = 4; lastKnownFileType = sourcecode.c.h; path = CommonLoggingProvider.h; sourceTree = "<group>"; };
		99FA8F7F18AA94D600CA4AE1 /* CommonLoggingProvider.m */ = {isa = PBXFileReference; fileEncoding = 4; lastKnownFileType = sourcecode.c.objc; path = CommonLoggingProvider.m; sourceTree = "<group>"; };
		99FA8F8018AA94D600CA4AE1 /* LoggingProvider.h */ = {isa = PBXFileReference; fileEncoding = 4; lastKnownFileType = sourcecode.c.h; path = LoggingProvider.h; sourceTree = "<group>"; };
		99FA8F8318AA94D600CA4AE1 /* InCodeMappingProvider.h */ = {isa = PBXFileReference; fileEncoding = 4; lastKnownFileType = sourcecode.c.h; path = InCodeMappingProvider.h; sourceTree = "<group>"; };
		99FA8F8418AA94D600CA4AE1 /* InCodeMappingProvider.m */ = {isa = PBXFileReference; fileEncoding = 4; lastKnownFileType = sourcecode.c.objc; path = InCodeMappingProvider.m; sourceTree = "<group>"; };
		99FA8F8518AA94D600CA4AE1 /* MappingProvider.h */ = {isa = PBXFileReference; fileEncoding = 4; lastKnownFileType = sourcecode.c.h; path = MappingProvider.h; sourceTree = "<group>"; };
		99FA8F8718AA94D600CA4AE1 /* PLISTMappingProvider.h */ = {isa = PBXFileReference; fileEncoding = 4; lastKnownFileType = sourcecode.c.h; path = PLISTMappingProvider.h; sourceTree = "<group>"; };
		99FA8F8818AA94D600CA4AE1 /* PLISTMappingProvider.m */ = {isa = PBXFileReference; fileEncoding = 4; lastKnownFileType = sourcecode.c.objc; path = PLISTMappingProvider.m; sourceTree = "<group>"; };
		99FA8F8A18AA94D600CA4AE1 /* XMLMappingProvider.h */ = {isa = PBXFileReference; fileEncoding = 4; lastKnownFileType = sourcecode.c.h; path = XMLMappingProvider.h; sourceTree = "<group>"; };
		99FA8F8B18AA94D600CA4AE1 /* XMLMappingProvider.m */ = {isa = PBXFileReference; fileEncoding = 4; lastKnownFileType = sourcecode.c.objc; path = XMLMappingProvider.m; sourceTree = "<group>"; };
		99FA8F8C18AA94D600CA4AE1 /* ObjectMapper.h */ = {isa = PBXFileReference; fileEncoding = 4; lastKnownFileType = sourcecode.c.h; path = ObjectMapper.h; sourceTree = "<group>"; };
		99FA8F8D18AA94D600CA4AE1 /* ObjectMapper.m */ = {isa = PBXFileReference; fileEncoding = 4; lastKnownFileType = sourcecode.c.objc; path = ObjectMapper.m; sourceTree = "<group>"; };
		99FA8F8E18AA94D600CA4AE1 /* ObjectMappingInfo.h */ = {isa = PBXFileReference; fileEncoding = 4; lastKnownFileType = sourcecode.c.h; path = ObjectMappingInfo.h; sourceTree = "<group>"; };
		99FA8F8F18AA94D600CA4AE1 /* ObjectMappingInfo.m */ = {isa = PBXFileReference; fileEncoding = 4; lastKnownFileType = sourcecode.c.objc; path = ObjectMappingInfo.m; sourceTree = "<group>"; };
		99FA8F9018AA94D600CA4AE1 /* OCMapper.h */ = {isa = PBXFileReference; fileEncoding = 4; lastKnownFileType = sourcecode.c.h; path = OCMapper.h; sourceTree = "<group>"; };
		99FA8FA518AA992D00CA4AE1 /* Repository.h */ = {isa = PBXFileReference; fileEncoding = 4; lastKnownFileType = sourcecode.c.h; path = Repository.h; sourceTree = "<group>"; };
		99FA8FA618AA992D00CA4AE1 /* Repository.m */ = {isa = PBXFileReference; fileEncoding = 4; lastKnownFileType = sourcecode.c.objc; path = Repository.m; sourceTree = "<group>"; };
		99FA8FA818AA996500CA4AE1 /* OCMapperConfig.h */ = {isa = PBXFileReference; fileEncoding = 4; lastKnownFileType = sourcecode.c.h; path = OCMapperConfig.h; sourceTree = "<group>"; };
		99FA8FA918AA996500CA4AE1 /* OCMapperConfig.m */ = {isa = PBXFileReference; fileEncoding = 4; lastKnownFileType = sourcecode.c.objc; path = OCMapperConfig.m; sourceTree = "<group>"; };
		99FA8FAB18AA99C700CA4AE1 /* User.h */ = {isa = PBXFileReference; fileEncoding = 4; lastKnownFileType = sourcecode.c.h; path = User.h; sourceTree = "<group>"; };
		99FA8FAC18AA99C700CA4AE1 /* User.m */ = {isa = PBXFileReference; fileEncoding = 4; lastKnownFileType = sourcecode.c.objc; path = User.m; sourceTree = "<group>"; };
		99FA8FE018AAD25B00CA4AE1 /* ContributorsViewController.h */ = {isa = PBXFileReference; fileEncoding = 4; lastKnownFileType = sourcecode.c.h; path = ContributorsViewController.h; sourceTree = "<group>"; };
		99FA8FE118AAD25B00CA4AE1 /* ContributorsViewController.m */ = {isa = PBXFileReference; fileEncoding = 4; lastKnownFileType = sourcecode.c.objc; path = ContributorsViewController.m; sourceTree = "<group>"; };
		99FA8FE218AAD25B00CA4AE1 /* RepositoriesViewController.h */ = {isa = PBXFileReference; fileEncoding = 4; lastKnownFileType = sourcecode.c.h; path = RepositoriesViewController.h; sourceTree = "<group>"; };
		99FA8FE318AAD25B00CA4AE1 /* RepositoriesViewController.m */ = {isa = PBXFileReference; fileEncoding = 4; lastKnownFileType = sourcecode.c.objc; path = RepositoriesViewController.m; sourceTree = "<group>"; };
		99FA8FE718AAD26B00CA4AE1 /* placeholder.png */ = {isa = PBXFileReference; lastKnownFileType = image.png; path = placeholder.png; sourceTree = "<group>"; };
		99FA8FE918AAD50800CA4AE1 /* BaseTest.h */ = {isa = PBXFileReference; fileEncoding = 4; lastKnownFileType = sourcecode.c.h; path = BaseTest.h; sourceTree = "<group>"; };
		99FA8FEA18AAD50800CA4AE1 /* BaseTest.m */ = {isa = PBXFileReference; fileEncoding = 4; lastKnownFileType = sourcecode.c.objc; path = BaseTest.m; sourceTree = "<group>"; };
/* End PBXFileReference section */

/* Begin PBXFrameworksBuildPhase section */
		15A54273172DBFB90062531E /* Frameworks */ = {
			isa = PBXFrameworksBuildPhase;
			buildActionMask = 2147483647;
			files = (
				15C9ACC318AB27EC006E6F27 /* MobileCoreServices.framework in Frameworks */,
				15C9ACC118AB27D2006E6F27 /* SystemConfiguration.framework in Frameworks */,
				15A5427B172DBFB90062531E /* UIKit.framework in Frameworks */,
				15A5427D172DBFB90062531E /* Foundation.framework in Frameworks */,
				15A5427F172DBFB90062531E /* CoreGraphics.framework in Frameworks */,
			);
			runOnlyForDeploymentPostprocessing = 0;
		};
		15A5429C172DBFB90062531E /* Frameworks */ = {
			isa = PBXFrameworksBuildPhase;
			buildActionMask = 2147483647;
			files = (
				15A542A2172DBFB90062531E /* SenTestingKit.framework in Frameworks */,
				15A542A3172DBFB90062531E /* UIKit.framework in Frameworks */,
				15A542A4172DBFB90062531E /* Foundation.framework in Frameworks */,
				15A5432B172E1F040062531E /* libOCMock.a in Frameworks */,
			);
			runOnlyForDeploymentPostprocessing = 0;
		};
/* End PBXFrameworksBuildPhase section */

/* Begin PBXGroup section */
		15A5426B172DBFB90062531E = {
			isa = PBXGroup;
			children = (
				15A54280172DBFB90062531E /* OCInjection */,
				15A542A7172DBFB90062531E /* OCInjectionTests */,
				15A54279172DBFB90062531E /* Frameworks */,
				15A54277172DBFB90062531E /* Products */,
			);
			sourceTree = "<group>";
		};
		15A54277172DBFB90062531E /* Products */ = {
			isa = PBXGroup;
			children = (
				15A54276172DBFB90062531E /* OCInjection.app */,
				15A542A0172DBFB90062531E /* OCInjectionTests.octest */,
			);
			name = Products;
			sourceTree = "<group>";
		};
		15A54279172DBFB90062531E /* Frameworks */ = {
			isa = PBXGroup;
			children = (
				15C9ACC218AB27EC006E6F27 /* MobileCoreServices.framework */,
				15C9ACC018AB27D2006E6F27 /* SystemConfiguration.framework */,
				15A5427A172DBFB90062531E /* UIKit.framework */,
				15A5427C172DBFB90062531E /* Foundation.framework */,
				15A5427E172DBFB90062531E /* CoreGraphics.framework */,
				15A542A1172DBFB90062531E /* SenTestingKit.framework */,
			);
			name = Frameworks;
			sourceTree = "<group>";
		};
		15A54280172DBFB90062531E /* OCInjection */ = {
			isa = PBXGroup;
			children = (
				99FA8F3B18AA901100CA4AE1 /* Example */,
				15A54281172DBFB90062531E /* Supporting Files */,
				15A542D5172E064A0062531E /* Source */,
				15A54289172DBFB90062531E /* AppDelegate.h */,
				15A5428A172DBFB90062531E /* AppDelegate.m */,
				15A54292172DBFB90062531E /* MainStoryboard_iPhone.storyboard */,
				15A54295172DBFB90062531E /* MainStoryboard_iPad.storyboard */,
			);
			path = OCInjection;
			sourceTree = "<group>";
		};
		15A54281172DBFB90062531E /* Supporting Files */ = {
			isa = PBXGroup;
			children = (
				15A54282172DBFB90062531E /* OCInjection-Info.plist */,
				15A54283172DBFB90062531E /* InfoPlist.strings */,
				15A54286172DBFB90062531E /* main.m */,
				15A54288172DBFB90062531E /* OCInjection-Prefix.pch */,
				15A5428C172DBFB90062531E /* Default.png */,
				15A5428E172DBFB90062531E /* Default@2x.png */,
				15A54290172DBFB90062531E /* Default-568h@2x.png */,
			);
			name = "Supporting Files";
			sourceTree = "<group>";
		};
		15A542A7172DBFB90062531E /* OCInjectionTests */ = {
			isa = PBXGroup;
			children = (
				15A542A8172DBFBA0062531E /* Supporting Files */,
				15A54322172E1E8E0062531E /* Libraries */,
				99FA8FE918AAD50800CA4AE1 /* BaseTest.h */,
				99FA8FEA18AAD50800CA4AE1 /* BaseTest.m */,
				15A542AD172DBFBA0062531E /* RepositoriesViewControllerTests.h */,
				15A542AE172DBFBA0062531E /* RepositoriesViewControllerTests.m */,
				15A542F5172E11CA0062531E /* DIMockConfig.h */,
				15A542F6172E11CA0062531E /* DIMockConfig.m */,
				993F0425173169D700A21C93 /* DIInjectorTest.h */,
				993F042917316AD200A21C93 /* DIInjectorTest.m */,
			);
			path = OCInjectionTests;
			sourceTree = "<group>";
		};
		15A542A8172DBFBA0062531E /* Supporting Files */ = {
			isa = PBXGroup;
			children = (
				15A542A9172DBFBA0062531E /* OCInjectionTests-Info.plist */,
				15A542AA172DBFBA0062531E /* InfoPlist.strings */,
			);
			name = "Supporting Files";
			sourceTree = "<group>";
		};
		15A542D5172E064A0062531E /* Source */ = {
			isa = PBXGroup;
			children = (
				158388B717304DF3006DE713 /* OCInjection.h */,
				15A542D6172E064A0062531E /* DIInjector.h */,
				15A542D7172E064A0062531E /* DIInjector.m */,
				993F03C71730257500A21C93 /* DIAbstractModule.h */,
				993F03C81730257500A21C93 /* DIAbstractModule.m */,
				15C9AC7B18A7FD8B006E6F27 /* DIContructorInjectorProxy.h */,
				15C9AC7C18A7FD8B006E6F27 /* DIContructorInjectorProxy.m */,
				15C9AC7E18A81C33006E6F27 /* DIInjectionInfo.h */,
				15C9AC7F18A81C33006E6F27 /* DIInjectionInfo.m */,
			);
			path = Source;
			sourceTree = "<group>";
		};
		15A54322172E1E8E0062531E /* Libraries */ = {
			isa = PBXGroup;
			children = (
				15A54323172E1F040062531E /* libOCMock.a */,
				15A54324172E1F040062531E /* OCMock */,
			);
			path = Libraries;
			sourceTree = "<group>";
		};
		15A54324172E1F040062531E /* OCMock */ = {
			isa = PBXGroup;
			children = (
				15A54325172E1F040062531E /* NSNotificationCenter+OCMAdditions.h */,
				15A54326172E1F040062531E /* OCMArg.h */,
				15A54327172E1F040062531E /* OCMConstraint.h */,
				15A54328172E1F040062531E /* OCMock.h */,
				15A54329172E1F040062531E /* OCMockObject.h */,
				15A5432A172E1F040062531E /* OCMockRecorder.h */,
			);
			path = OCMock;
			sourceTree = "<group>";
		};
		99FA8F3B18AA901100CA4AE1 /* Example */ = {
			isa = PBXGroup;
			children = (
				99FA8FE618AAD26B00CA4AE1 /* images */,
				99FA8FDF18AAD25B00CA4AE1 /* Pages */,
				99FA8F3E18AA901100CA4AE1 /* Libraries */,
				99FA8FA418AA992100CA4AE1 /* Models */,
				99FA8F3F18AA901100CA4AE1 /* Services */,
				99FA8F3C18AA901100CA4AE1 /* DIConfig.h */,
				99FA8F3D18AA901100CA4AE1 /* DIConfig.m */,
				99FA8FA818AA996500CA4AE1 /* OCMapperConfig.h */,
				99FA8FA918AA996500CA4AE1 /* OCMapperConfig.m */,
			);
			path = Example;
			sourceTree = "<group>";
		};
		99FA8F3E18AA901100CA4AE1 /* Libraries */ = {
			isa = PBXGroup;
			children = (
				99FA8F5D18AA94D500CA4AE1 /* AFNetworking */,
				99FA8F7118AA94D500CA4AE1 /* OCMapper */,
			);
			path = Libraries;
			sourceTree = "<group>";
		};
		99FA8F3F18AA901100CA4AE1 /* Services */ = {
			isa = PBXGroup;
			children = (
				99FA8F5318AA93F100CA4AE1 /* ClientProtocol.h */,
				99FA8F5118AA93F100CA4AE1 /* Client.h */,
				99FA8F5218AA93F100CA4AE1 /* Client.m */,
				99FA8F5C18AA947B00CA4AE1 /* GitHubClientProtocol.h */,
				99FA8F5918AA946E00CA4AE1 /* GitHubClient.h */,
				99FA8F5A18AA946E00CA4AE1 /* GitHubClient.m */,
				99FA8F5818AA941B00CA4AE1 /* ApplicationConfigurationProtocol.h */,
				99FA8F5518AA940800CA4AE1 /* ApplicationConfiguration.h */,
				99FA8F5618AA940800CA4AE1 /* ApplicationConfiguration.m */,
			);
			path = Services;
			sourceTree = "<group>";
		};
		99FA8F5D18AA94D500CA4AE1 /* AFNetworking */ = {
			isa = PBXGroup;
			children = (
				99FA8F5E18AA94D500CA4AE1 /* AFHTTPClient.h */,
				99FA8F5F18AA94D500CA4AE1 /* AFHTTPClient.m */,
				99FA8F6018AA94D500CA4AE1 /* AFHTTPRequestOperation.h */,
				99FA8F6118AA94D500CA4AE1 /* AFHTTPRequestOperation.m */,
				99FA8F6218AA94D500CA4AE1 /* AFImageRequestOperation.h */,
				99FA8F6318AA94D500CA4AE1 /* AFImageRequestOperation.m */,
				99FA8F6418AA94D500CA4AE1 /* AFJSONRequestOperation.h */,
				99FA8F6518AA94D500CA4AE1 /* AFJSONRequestOperation.m */,
				99FA8F6618AA94D500CA4AE1 /* AFNetworkActivityIndicatorManager.h */,
				99FA8F6718AA94D500CA4AE1 /* AFNetworkActivityIndicatorManager.m */,
				99FA8F6818AA94D500CA4AE1 /* AFNetworking.h */,
				99FA8F6918AA94D500CA4AE1 /* AFPropertyListRequestOperation.h */,
				99FA8F6A18AA94D500CA4AE1 /* AFPropertyListRequestOperation.m */,
				99FA8F6B18AA94D500CA4AE1 /* AFURLConnectionOperation.h */,
				99FA8F6C18AA94D500CA4AE1 /* AFURLConnectionOperation.m */,
				99FA8F6D18AA94D500CA4AE1 /* AFXMLRequestOperation.h */,
				99FA8F6E18AA94D500CA4AE1 /* AFXMLRequestOperation.m */,
				99FA8F6F18AA94D500CA4AE1 /* UIImageView+AFNetworking.h */,
				99FA8F7018AA94D500CA4AE1 /* UIImageView+AFNetworking.m */,
			);
			path = AFNetworking;
			sourceTree = "<group>";
		};
		99FA8F7118AA94D500CA4AE1 /* OCMapper */ = {
			isa = PBXGroup;
			children = (
				99FA8F7218AA94D500CA4AE1 /* Categories */,
				99FA8F7718AA94D600CA4AE1 /* Instance Provider */,
				99FA8F7D18AA94D600CA4AE1 /* Logging Provider */,
				99FA8F8118AA94D600CA4AE1 /* Mapping Provider */,
				99FA8F8C18AA94D600CA4AE1 /* ObjectMapper.h */,
				99FA8F8D18AA94D600CA4AE1 /* ObjectMapper.m */,
				99FA8F8E18AA94D600CA4AE1 /* ObjectMappingInfo.h */,
				99FA8F8F18AA94D600CA4AE1 /* ObjectMappingInfo.m */,
				99FA8F9018AA94D600CA4AE1 /* OCMapper.h */,
			);
			path = OCMapper;
			sourceTree = "<group>";
		};
		99FA8F7218AA94D500CA4AE1 /* Categories */ = {
			isa = PBXGroup;
			children = (
				99FA8F7318AA94D500CA4AE1 /* NSDictionary+ObjectMapper.h */,
				99FA8F7418AA94D500CA4AE1 /* NSDictionary+ObjectMapper.m */,
				99FA8F7518AA94D500CA4AE1 /* NSObject+ObjectMapper.h */,
				99FA8F7618AA94D500CA4AE1 /* NSObject+ObjectMapper.m */,
			);
			path = Categories;
			sourceTree = "<group>";
		};
		99FA8F7718AA94D600CA4AE1 /* Instance Provider */ = {
			isa = PBXGroup;
			children = (
				99FA8F7818AA94D600CA4AE1 /* InstanceProvider.h */,
				99FA8F7B18AA94D600CA4AE1 /* ObjectInstanceProvider.h */,
				99FA8F7C18AA94D600CA4AE1 /* ObjectInstanceProvider.m */,
			);
			path = "Instance Provider";
			sourceTree = "<group>";
		};
		99FA8F7D18AA94D600CA4AE1 /* Logging Provider */ = {
			isa = PBXGroup;
			children = (
				99FA8F7E18AA94D600CA4AE1 /* CommonLoggingProvider.h */,
				99FA8F7F18AA94D600CA4AE1 /* CommonLoggingProvider.m */,
				99FA8F8018AA94D600CA4AE1 /* LoggingProvider.h */,
			);
			path = "Logging Provider";
			sourceTree = "<group>";
		};
		99FA8F8118AA94D600CA4AE1 /* Mapping Provider */ = {
			isa = PBXGroup;
			children = (
				99FA8F8218AA94D600CA4AE1 /* In Code Mapping */,
				99FA8F8518AA94D600CA4AE1 /* MappingProvider.h */,
				99FA8F8618AA94D600CA4AE1 /* PLIST Mapping */,
				99FA8F8918AA94D600CA4AE1 /* XML Mapping */,
			);
			path = "Mapping Provider";
			sourceTree = "<group>";
		};
		99FA8F8218AA94D600CA4AE1 /* In Code Mapping */ = {
			isa = PBXGroup;
			children = (
				99FA8F8318AA94D600CA4AE1 /* InCodeMappingProvider.h */,
				99FA8F8418AA94D600CA4AE1 /* InCodeMappingProvider.m */,
			);
			path = "In Code Mapping";
			sourceTree = "<group>";
		};
		99FA8F8618AA94D600CA4AE1 /* PLIST Mapping */ = {
			isa = PBXGroup;
			children = (
				99FA8F8718AA94D600CA4AE1 /* PLISTMappingProvider.h */,
				99FA8F8818AA94D600CA4AE1 /* PLISTMappingProvider.m */,
			);
			path = "PLIST Mapping";
			sourceTree = "<group>";
		};
		99FA8F8918AA94D600CA4AE1 /* XML Mapping */ = {
			isa = PBXGroup;
			children = (
				99FA8F8A18AA94D600CA4AE1 /* XMLMappingProvider.h */,
				99FA8F8B18AA94D600CA4AE1 /* XMLMappingProvider.m */,
			);
			path = "XML Mapping";
			sourceTree = "<group>";
		};
		99FA8FA418AA992100CA4AE1 /* Models */ = {
			isa = PBXGroup;
			children = (
				99FA8FA518AA992D00CA4AE1 /* Repository.h */,
				99FA8FA618AA992D00CA4AE1 /* Repository.m */,
				99FA8FAB18AA99C700CA4AE1 /* User.h */,
				99FA8FAC18AA99C700CA4AE1 /* User.m */,
			);
			path = Models;
			sourceTree = "<group>";
		};
		99FA8FDF18AAD25B00CA4AE1 /* Pages */ = {
			isa = PBXGroup;
			children = (
				99FA8FE018AAD25B00CA4AE1 /* ContributorsViewController.h */,
				99FA8FE118AAD25B00CA4AE1 /* ContributorsViewController.m */,
				99FA8FE218AAD25B00CA4AE1 /* RepositoriesViewController.h */,
				99FA8FE318AAD25B00CA4AE1 /* RepositoriesViewController.m */,
			);
			path = Pages;
			sourceTree = "<group>";
		};
		99FA8FE618AAD26B00CA4AE1 /* images */ = {
			isa = PBXGroup;
			children = (
				99FA8FE718AAD26B00CA4AE1 /* placeholder.png */,
			);
			path = images;
			sourceTree = "<group>";
		};
/* End PBXGroup section */

/* Begin PBXNativeTarget section */
		15A54275172DBFB90062531E /* OCInjection */ = {
			isa = PBXNativeTarget;
			buildConfigurationList = 15A542B2172DBFBA0062531E /* Build configuration list for PBXNativeTarget "OCInjection" */;
			buildPhases = (
				15A54272172DBFB90062531E /* Sources */,
				15A54273172DBFB90062531E /* Frameworks */,
				15A54274172DBFB90062531E /* Resources */,
			);
			buildRules = (
			);
			dependencies = (
			);
			name = OCInjection;
			productName = OCDependencyInjection;
			productReference = 15A54276172DBFB90062531E /* OCInjection.app */;
			productType = "com.apple.product-type.application";
		};
		15A5429F172DBFB90062531E /* OCInjectionTests */ = {
			isa = PBXNativeTarget;
			buildConfigurationList = 15A542B5172DBFBA0062531E /* Build configuration list for PBXNativeTarget "OCInjectionTests" */;
			buildPhases = (
				15A5429B172DBFB90062531E /* Sources */,
				15A5429C172DBFB90062531E /* Frameworks */,
				15A5429D172DBFB90062531E /* Resources */,
				15A5429E172DBFB90062531E /* ShellScript */,
			);
			buildRules = (
			);
			dependencies = (
				15A542A6172DBFB90062531E /* PBXTargetDependency */,
			);
			name = OCInjectionTests;
			productName = OCDependencyInjectionTests;
			productReference = 15A542A0172DBFB90062531E /* OCInjectionTests.octest */;
			productType = "com.apple.product-type.bundle";
		};
/* End PBXNativeTarget section */

/* Begin PBXProject section */
		15A5426D172DBFB90062531E /* Project object */ = {
			isa = PBXProject;
			attributes = {
				LastUpgradeCheck = 0500;
				ORGANIZATIONNAME = "Aryan Ghassemi";
			};
			buildConfigurationList = 15A54270172DBFB90062531E /* Build configuration list for PBXProject "OCInjection" */;
			compatibilityVersion = "Xcode 3.2";
			developmentRegion = English;
			hasScannedForEncodings = 0;
			knownRegions = (
				en,
			);
			mainGroup = 15A5426B172DBFB90062531E;
			productRefGroup = 15A54277172DBFB90062531E /* Products */;
			projectDirPath = "";
			projectRoot = "";
			targets = (
				15A54275172DBFB90062531E /* OCInjection */,
				15A5429F172DBFB90062531E /* OCInjectionTests */,
			);
		};
/* End PBXProject section */

/* Begin PBXResourcesBuildPhase section */
		15A54274172DBFB90062531E /* Resources */ = {
			isa = PBXResourcesBuildPhase;
			buildActionMask = 2147483647;
			files = (
				15A54285172DBFB90062531E /* InfoPlist.strings in Resources */,
				15A5428D172DBFB90062531E /* Default.png in Resources */,
				15A5428F172DBFB90062531E /* Default@2x.png in Resources */,
				15A54291172DBFB90062531E /* Default-568h@2x.png in Resources */,
				99FA8FE818AAD26B00CA4AE1 /* placeholder.png in Resources */,
				15A54294172DBFB90062531E /* MainStoryboard_iPhone.storyboard in Resources */,
				15A54297172DBFB90062531E /* MainStoryboard_iPad.storyboard in Resources */,
			);
			runOnlyForDeploymentPostprocessing = 0;
		};
		15A5429D172DBFB90062531E /* Resources */ = {
			isa = PBXResourcesBuildPhase;
			buildActionMask = 2147483647;
			files = (
				15A542AC172DBFBA0062531E /* InfoPlist.strings in Resources */,
			);
			runOnlyForDeploymentPostprocessing = 0;
		};
/* End PBXResourcesBuildPhase section */

/* Begin PBXShellScriptBuildPhase section */
		15A5429E172DBFB90062531E /* ShellScript */ = {
			isa = PBXShellScriptBuildPhase;
			buildActionMask = 2147483647;
			files = (
			);
			inputPaths = (
			);
			outputPaths = (
			);
			runOnlyForDeploymentPostprocessing = 0;
			shellPath = /bin/sh;
			shellScript = "# Run the unit tests in this test bundle.\n\"${SYSTEM_DEVELOPER_DIR}/Tools/RunUnitTests\"\n";
		};
/* End PBXShellScriptBuildPhase section */

/* Begin PBXSourcesBuildPhase section */
		15A54272172DBFB90062531E /* Sources */ = {
			isa = PBXSourcesBuildPhase;
			buildActionMask = 2147483647;
			files = (
				99FA8F9318AA94D600CA4AE1 /* AFImageRequestOperation.m in Sources */,
				99FA8F9218AA94D600CA4AE1 /* AFHTTPRequestOperation.m in Sources */,
				99FA8F4C18AA901100CA4AE1 /* DIConfig.m in Sources */,
				99FA8FA318AA94D600CA4AE1 /* ObjectMappingInfo.m in Sources */,
				99FA8F5718AA940800CA4AE1 /* ApplicationConfiguration.m in Sources */,
				99FA8F9718AA94D600CA4AE1 /* AFURLConnectionOperation.m in Sources */,
				99FA8FA718AA992D00CA4AE1 /* Repository.m in Sources */,
				99FA8F9B18AA94D600CA4AE1 /* NSObject+ObjectMapper.m in Sources */,
				99FA8F9518AA94D600CA4AE1 /* AFNetworkActivityIndicatorManager.m in Sources */,
				15A54287172DBFB90062531E /* main.m in Sources */,
				99FA8FE518AAD25B00CA4AE1 /* RepositoriesViewController.m in Sources */,
				15A5428B172DBFB90062531E /* AppDelegate.m in Sources */,
				99FA8F9618AA94D600CA4AE1 /* AFPropertyListRequestOperation.m in Sources */,
				99FA8F9D18AA94D600CA4AE1 /* ObjectInstanceProvider.m in Sources */,
				99FA8F5418AA93F100CA4AE1 /* Client.m in Sources */,
				99FA8F9818AA94D600CA4AE1 /* AFXMLRequestOperation.m in Sources */,
				99FA8FA218AA94D600CA4AE1 /* ObjectMapper.m in Sources */,
				99FA8FAD18AA99C700CA4AE1 /* User.m in Sources */,
				99FA8F9918AA94D600CA4AE1 /* UIImageView+AFNetworking.m in Sources */,
				99FA8FA118AA94D600CA4AE1 /* XMLMappingProvider.m in Sources */,
				99FA8F9418AA94D600CA4AE1 /* AFJSONRequestOperation.m in Sources */,
				15C9AC7D18A7FD8B006E6F27 /* DIContructorInjectorProxy.m in Sources */,
				99FA8F9E18AA94D600CA4AE1 /* CommonLoggingProvider.m in Sources */,
				15A542D8172E064A0062531E /* DIInjector.m in Sources */,
				99FA8FAA18AA996500CA4AE1 /* OCMapperConfig.m in Sources */,
				99FA8F9A18AA94D600CA4AE1 /* NSDictionary+ObjectMapper.m in Sources */,
				99FA8F5B18AA946E00CA4AE1 /* GitHubClient.m in Sources */,
				99FA8FE418AAD25B00CA4AE1 /* ContributorsViewController.m in Sources */,
				15C9AC8018A81C33006E6F27 /* DIInjectionInfo.m in Sources */,
				993F03C91730257500A21C93 /* DIAbstractModule.m in Sources */,
				99FA8F9118AA94D600CA4AE1 /* AFHTTPClient.m in Sources */,
				99FA8FA018AA94D600CA4AE1 /* PLISTMappingProvider.m in Sources */,
				99FA8F9F18AA94D600CA4AE1 /* InCodeMappingProvider.m in Sources */,
			);
			runOnlyForDeploymentPostprocessing = 0;
		};
		15A5429B172DBFB90062531E /* Sources */ = {
			isa = PBXSourcesBuildPhase;
			buildActionMask = 2147483647;
			files = (
				99FA8FEB18AAD50800CA4AE1 /* BaseTest.m in Sources */,
				15A542AF172DBFBA0062531E /* RepositoriesViewControllerTests.m in Sources */,
				15A542F7172E11CA0062531E /* DIMockConfig.m in Sources */,
				993F042A17316AD200A21C93 /* DIInjectorTest.m in Sources */,
			);
			runOnlyForDeploymentPostprocessing = 0;
		};
/* End PBXSourcesBuildPhase section */

/* Begin PBXTargetDependency section */
		15A542A6172DBFB90062531E /* PBXTargetDependency */ = {
			isa = PBXTargetDependency;
			target = 15A54275172DBFB90062531E /* OCInjection */;
			targetProxy = 15A542A5172DBFB90062531E /* PBXContainerItemProxy */;
		};
/* End PBXTargetDependency section */

/* Begin PBXVariantGroup section */
		15A54283172DBFB90062531E /* InfoPlist.strings */ = {
			isa = PBXVariantGroup;
			children = (
				15A54284172DBFB90062531E /* en */,
			);
			name = InfoPlist.strings;
			sourceTree = "<group>";
		};
		15A54292172DBFB90062531E /* MainStoryboard_iPhone.storyboard */ = {
			isa = PBXVariantGroup;
			children = (
				15A54293172DBFB90062531E /* en */,
			);
			name = MainStoryboard_iPhone.storyboard;
			sourceTree = "<group>";
		};
		15A54295172DBFB90062531E /* MainStoryboard_iPad.storyboard */ = {
			isa = PBXVariantGroup;
			children = (
				15A54296172DBFB90062531E /* en */,
			);
			name = MainStoryboard_iPad.storyboard;
			sourceTree = "<group>";
		};
		15A542AA172DBFBA0062531E /* InfoPlist.strings */ = {
			isa = PBXVariantGroup;
			children = (
				15A542AB172DBFBA0062531E /* en */,
			);
			name = InfoPlist.strings;
			sourceTree = "<group>";
		};
/* End PBXVariantGroup section */

/* Begin XCBuildConfiguration section */
		15A542B0172DBFBA0062531E /* Debug */ = {
			isa = XCBuildConfiguration;
			buildSettings = {
				ALWAYS_SEARCH_USER_PATHS = NO;
				CLANG_CXX_LANGUAGE_STANDARD = "gnu++0x";
				CLANG_CXX_LIBRARY = "libc++";
				CLANG_ENABLE_OBJC_ARC = YES;
				CLANG_WARN_EMPTY_BODY = YES;
				CLANG_WARN__DUPLICATE_METHOD_MATCH = YES;
				"CODE_SIGN_IDENTITY[sdk=iphoneos*]" = "iPhone Developer";
				COPY_PHASE_STRIP = NO;
				GCC_C_LANGUAGE_STANDARD = gnu99;
				GCC_DYNAMIC_NO_PIC = NO;
				GCC_OPTIMIZATION_LEVEL = 0;
				GCC_PREPROCESSOR_DEFINITIONS = (
					"DEBUG=1",
					"$(inherited)",
				);
				GCC_SYMBOLS_PRIVATE_EXTERN = NO;
				GCC_WARN_ABOUT_RETURN_TYPE = YES;
				GCC_WARN_UNINITIALIZED_AUTOS = YES;
				GCC_WARN_UNUSED_VARIABLE = YES;
				IPHONEOS_DEPLOYMENT_TARGET = 6.0;
				ONLY_ACTIVE_ARCH = YES;
				SDKROOT = iphoneos;
				TARGETED_DEVICE_FAMILY = "1,2";
			};
			name = Debug;
		};
		15A542B1172DBFBA0062531E /* Release */ = {
			isa = XCBuildConfiguration;
			buildSettings = {
				ALWAYS_SEARCH_USER_PATHS = NO;
				CLANG_CXX_LANGUAGE_STANDARD = "gnu++0x";
				CLANG_CXX_LIBRARY = "libc++";
				CLANG_ENABLE_OBJC_ARC = YES;
				CLANG_WARN_EMPTY_BODY = YES;
				CLANG_WARN__DUPLICATE_METHOD_MATCH = YES;
				"CODE_SIGN_IDENTITY[sdk=iphoneos*]" = "iPhone Developer";
				COPY_PHASE_STRIP = YES;
				GCC_C_LANGUAGE_STANDARD = gnu99;
				GCC_WARN_ABOUT_RETURN_TYPE = YES;
				GCC_WARN_UNINITIALIZED_AUTOS = YES;
				GCC_WARN_UNUSED_VARIABLE = YES;
				IPHONEOS_DEPLOYMENT_TARGET = 6.0;
				OTHER_CFLAGS = "-DNS_BLOCK_ASSERTIONS=1";
				SDKROOT = iphoneos;
				TARGETED_DEVICE_FAMILY = "1,2";
				VALIDATE_PRODUCT = YES;
			};
			name = Release;
		};
		15A542B3172DBFBA0062531E /* Debug */ = {
			isa = XCBuildConfiguration;
			buildSettings = {
				GCC_PRECOMPILE_PREFIX_HEADER = YES;
				GCC_PREFIX_HEADER = "OCInjection/OCInjection-Prefix.pch";
				INFOPLIST_FILE = "OCInjection/OCInjection-Info.plist";
				LIBRARY_SEARCH_PATHS = (
					"$(inherited)",
					"\\\"$(SRCROOT)/OCInjection/Libraries\\\"",
					/Users/aryanghassemi/Desktop/OCInjection/OCInjection/Libraries,
				);
				PRODUCT_NAME = OCInjection;
				WRAPPER_EXTENSION = app;
			};
			name = Debug;
		};
		15A542B4172DBFBA0062531E /* Release */ = {
			isa = XCBuildConfiguration;
			buildSettings = {
				GCC_PRECOMPILE_PREFIX_HEADER = YES;
				GCC_PREFIX_HEADER = "OCInjection/OCInjection-Prefix.pch";
				INFOPLIST_FILE = "OCInjection/OCInjection-Info.plist";
				LIBRARY_SEARCH_PATHS = (
					"$(inherited)",
					"\\\"$(SRCROOT)/OCInjection/Libraries\\\"",
					/Users/aryanghassemi/Desktop/OCInjection/OCInjection/Libraries,
				);
				PRODUCT_NAME = OCInjection;
				WRAPPER_EXTENSION = app;
			};
			name = Release;
		};
		15A542B6172DBFBA0062531E /* Debug */ = {
			isa = XCBuildConfiguration;
			buildSettings = {
				BUNDLE_LOADER = "$(BUILT_PRODUCTS_DIR)/OCInjection.app/OCInjection";
				FRAMEWORK_SEARCH_PATHS = (
					"\"$(SDKROOT)/Developer/Library/Frameworks\"",
					"\"$(DEVELOPER_LIBRARY_DIR)/Frameworks\"",
				);
				GCC_PRECOMPILE_PREFIX_HEADER = YES;
				GCC_PREFIX_HEADER = "OCInjection/OCInjection-Prefix.pch";
				HEADER_SEARCH_PATHS = "$(SRCROOT)/OCInjectionTests/Libraries";
				INFOPLIST_FILE = "OCInjectionTests/OCInjectionTests-Info.plist";
				LIBRARY_SEARCH_PATHS = (
					"$(inherited)",
					"\"$(SRCROOT)/OCInjectionTests/Libraries\"",
				);
				OTHER_LDFLAGS = (
					"-force_load",
					"$(SRCROOT)/OCInjectionTests/Libraries/libOCMock.a",
				);
				PRODUCT_NAME = OCInjectionTests;
				TEST_HOST = "$(BUNDLE_LOADER)";
				WRAPPER_EXTENSION = octest;
			};
			name = Debug;
		};
		15A542B7172DBFBA0062531E /* Release */ = {
			isa = XCBuildConfiguration;
			buildSettings = {
				BUNDLE_LOADER = "$(BUILT_PRODUCTS_DIR)/OCInjection.app/OCInjection";
				FRAMEWORK_SEARCH_PATHS = (
					"\"$(SDKROOT)/Developer/Library/Frameworks\"",
					"\"$(DEVELOPER_LIBRARY_DIR)/Frameworks\"",
				);
				GCC_PRECOMPILE_PREFIX_HEADER = YES;
				GCC_PREFIX_HEADER = "OCInjection/OCInjection-Prefix.pch";
				HEADER_SEARCH_PATHS = "$(SRCROOT)/OCInjectionTests/Libraries";
				INFOPLIST_FILE = "OCInjectionTests/OCInjectionTests-Info.plist";
				LIBRARY_SEARCH_PATHS = (
					"$(inherited)",
					"\"$(SRCROOT)/OCInjectionTests/Libraries\"",
				);
				OTHER_LDFLAGS = (
					"-force_load",
					"$(SRCROOT)/OCInjectionTests/Libraries/libOCMock.a",
				);
				PRODUCT_NAME = OCInjectionTests;
				TEST_HOST = "$(BUNDLE_LOADER)";
				WRAPPER_EXTENSION = octest;
			};
			name = Release;
		};
/* End XCBuildConfiguration section */

/* Begin XCConfigurationList section */
		15A54270172DBFB90062531E /* Build configuration list for PBXProject "OCInjection" */ = {
			isa = XCConfigurationList;
			buildConfigurations = (
				15A542B0172DBFBA0062531E /* Debug */,
				15A542B1172DBFBA0062531E /* Release */,
			);
			defaultConfigurationIsVisible = 0;
			defaultConfigurationName = Release;
		};
		15A542B2172DBFBA0062531E /* Build configuration list for PBXNativeTarget "OCInjection" */ = {
			isa = XCConfigurationList;
			buildConfigurations = (
				15A542B3172DBFBA0062531E /* Debug */,
				15A542B4172DBFBA0062531E /* Release */,
			);
			defaultConfigurationIsVisible = 0;
			defaultConfigurationName = Release;
		};
		15A542B5172DBFBA0062531E /* Build configuration list for PBXNativeTarget "OCInjectionTests" */ = {
			isa = XCConfigurationList;
			buildConfigurations = (
				15A542B6172DBFBA0062531E /* Debug */,
				15A542B7172DBFBA0062531E /* Release */,
			);
			defaultConfigurationIsVisible = 0;
			defaultConfigurationName = Release;
		};
/* End XCConfigurationList section */
	};
	rootObject = 15A5426D172DBFB90062531E /* Project object */;
}
