// !$*UTF8*$!
{
	archiveVersion = 1;
	classes = {
	};
	objectVersion = 46;
	objects = {

/* Begin PBXBuildFile section */
		1583889B172E2D2D006DE713 /* Client.m in Sources */ = {isa = PBXBuildFile; fileRef = 15838894172E2D2D006DE713 /* Client.m */; };
		1583889C172E2D2D006DE713 /* GoogleClient.m in Sources */ = {isa = PBXBuildFile; fileRef = 15838897172E2D2D006DE713 /* GoogleClient.m */; };
		1583889D172E2D2D006DE713 /* YahooClient.m in Sources */ = {isa = PBXBuildFile; fileRef = 1583889A172E2D2D006DE713 /* YahooClient.m */; };
		15A5427B172DBFB90062531E /* UIKit.framework in Frameworks */ = {isa = PBXBuildFile; fileRef = 15A5427A172DBFB90062531E /* UIKit.framework */; };
		15A5427D172DBFB90062531E /* Foundation.framework in Frameworks */ = {isa = PBXBuildFile; fileRef = 15A5427C172DBFB90062531E /* Foundation.framework */; };
		15A5427F172DBFB90062531E /* CoreGraphics.framework in Frameworks */ = {isa = PBXBuildFile; fileRef = 15A5427E172DBFB90062531E /* CoreGraphics.framework */; };
		15A54285172DBFB90062531E /* InfoPlist.strings in Resources */ = {isa = PBXBuildFile; fileRef = 15A54283172DBFB90062531E /* InfoPlist.strings */; };
		15A54287172DBFB90062531E /* main.m in Sources */ = {isa = PBXBuildFile; fileRef = 15A54286172DBFB90062531E /* main.m */; };
		15A5428B172DBFB90062531E /* AppDelegate.m in Sources */ = {isa = PBXBuildFile; fileRef = 15A5428A172DBFB90062531E /* AppDelegate.m */; };
		15A5428D172DBFB90062531E /* Default.png in Resources */ = {isa = PBXBuildFile; fileRef = 15A5428C172DBFB90062531E /* Default.png */; };
		15A5428F172DBFB90062531E /* Default@2x.png in Resources */ = {isa = PBXBuildFile; fileRef = 15A5428E172DBFB90062531E /* Default@2x.png */; };
		15A54291172DBFB90062531E /* Default-568h@2x.png in Resources */ = {isa = PBXBuildFile; fileRef = 15A54290172DBFB90062531E /* Default-568h@2x.png */; };
		15A54294172DBFB90062531E /* MainStoryboard_iPhone.storyboard in Resources */ = {isa = PBXBuildFile; fileRef = 15A54292172DBFB90062531E /* MainStoryboard_iPhone.storyboard */; };
		15A54297172DBFB90062531E /* MainStoryboard_iPad.storyboard in Resources */ = {isa = PBXBuildFile; fileRef = 15A54295172DBFB90062531E /* MainStoryboard_iPad.storyboard */; };
		15A542A2172DBFB90062531E /* SenTestingKit.framework in Frameworks */ = {isa = PBXBuildFile; fileRef = 15A542A1172DBFB90062531E /* SenTestingKit.framework */; };
		15A542A3172DBFB90062531E /* UIKit.framework in Frameworks */ = {isa = PBXBuildFile; fileRef = 15A5427A172DBFB90062531E /* UIKit.framework */; };
		15A542A4172DBFB90062531E /* Foundation.framework in Frameworks */ = {isa = PBXBuildFile; fileRef = 15A5427C172DBFB90062531E /* Foundation.framework */; };
		15A542AC172DBFBA0062531E /* InfoPlist.strings in Resources */ = {isa = PBXBuildFile; fileRef = 15A542AA172DBFBA0062531E /* InfoPlist.strings */; };
		15A542AF172DBFBA0062531E /* ViewControllerTests.m in Sources */ = {isa = PBXBuildFile; fileRef = 15A542AE172DBFBA0062531E /* ViewControllerTests.m */; };
		15A542D8172E064A0062531E /* DIInjector.m in Sources */ = {isa = PBXBuildFile; fileRef = 15A542D7172E064A0062531E /* DIInjector.m */; };
		15A542EA172E06870062531E /* ViewController.m in Sources */ = {isa = PBXBuildFile; fileRef = 15A542E5172E06870062531E /* ViewController.m */; };
		15A542ED172E0A820062531E /* DIConfig.m in Sources */ = {isa = PBXBuildFile; fileRef = 15A542EC172E0A820062531E /* DIConfig.m */; };
		15A542F7172E11CA0062531E /* DIMockConfig.m in Sources */ = {isa = PBXBuildFile; fileRef = 15A542F6172E11CA0062531E /* DIMockConfig.m */; };
		15A5432B172E1F040062531E /* libOCMock.a in Frameworks */ = {isa = PBXBuildFile; fileRef = 15A54323172E1F040062531E /* libOCMock.a */; };
		15C9AC7D18A7FD8B006E6F27 /* DIContructorInjectorProxy.m in Sources */ = {isa = PBXBuildFile; fileRef = 15C9AC7C18A7FD8B006E6F27 /* DIContructorInjectorProxy.m */; };
		15C9AC8018A81C33006E6F27 /* DIInjectionInfo.m in Sources */ = {isa = PBXBuildFile; fileRef = 15C9AC7F18A81C33006E6F27 /* DIInjectionInfo.m */; };
		993F03C91730257500A21C93 /* DIAbstractModule.m in Sources */ = {isa = PBXBuildFile; fileRef = 993F03C81730257500A21C93 /* DIAbstractModule.m */; };
		993F042A17316AD200A21C93 /* DIInjectorTest.m in Sources */ = {isa = PBXBuildFile; fileRef = 993F042917316AD200A21C93 /* DIInjectorTest.m */; };
/* End PBXBuildFile section */

/* Begin PBXContainerItemProxy section */
		15A542A5172DBFB90062531E /* PBXContainerItemProxy */ = {
			isa = PBXContainerItemProxy;
			containerPortal = 15A5426D172DBFB90062531E /* Project object */;
			proxyType = 1;
			remoteGlobalIDString = 15A54275172DBFB90062531E;
			remoteInfo = OCDependencyInjection;
		};
/* End PBXContainerItemProxy section */

/* Begin PBXFileReference section */
		15838893172E2D2D006DE713 /* Client.h */ = {isa = PBXFileReference; fileEncoding = 4; lastKnownFileType = sourcecode.c.h; path = Client.h; sourceTree = "<group>"; };
		15838894172E2D2D006DE713 /* Client.m */ = {isa = PBXFileReference; fileEncoding = 4; lastKnownFileType = sourcecode.c.objc; path = Client.m; sourceTree = "<group>"; };
		15838895172E2D2D006DE713 /* ClientProtocol.h */ = {isa = PBXFileReference; fileEncoding = 4; lastKnownFileType = sourcecode.c.h; path = ClientProtocol.h; sourceTree = "<group>"; };
		15838896172E2D2D006DE713 /* GoogleClient.h */ = {isa = PBXFileReference; fileEncoding = 4; lastKnownFileType = sourcecode.c.h; path = GoogleClient.h; sourceTree = "<group>"; };
		15838897172E2D2D006DE713 /* GoogleClient.m */ = {isa = PBXFileReference; fileEncoding = 4; lastKnownFileType = sourcecode.c.objc; path = GoogleClient.m; sourceTree = "<group>"; };
		15838898172E2D2D006DE713 /* GoogleClientProtocol.h */ = {isa = PBXFileReference; fileEncoding = 4; lastKnownFileType = sourcecode.c.h; path = GoogleClientProtocol.h; sourceTree = "<group>"; };
		15838899172E2D2D006DE713 /* YahooClient.h */ = {isa = PBXFileReference; fileEncoding = 4; lastKnownFileType = sourcecode.c.h; path = YahooClient.h; sourceTree = "<group>"; };
		1583889A172E2D2D006DE713 /* YahooClient.m */ = {isa = PBXFileReference; fileEncoding = 4; lastKnownFileType = sourcecode.c.objc; path = YahooClient.m; sourceTree = "<group>"; };
		158388B717304DF3006DE713 /* OCInjection.h */ = {isa = PBXFileReference; fileEncoding = 4; lastKnownFileType = sourcecode.c.h; path = OCInjection.h; sourceTree = "<group>"; };
		15A54276172DBFB90062531E /* OCInjection.app */ = {isa = PBXFileReference; explicitFileType = wrapper.application; includeInIndex = 0; path = OCInjection.app; sourceTree = BUILT_PRODUCTS_DIR; };
		15A5427A172DBFB90062531E /* UIKit.framework */ = {isa = PBXFileReference; lastKnownFileType = wrapper.framework; name = UIKit.framework; path = System/Library/Frameworks/UIKit.framework; sourceTree = SDKROOT; };
		15A5427C172DBFB90062531E /* Foundation.framework */ = {isa = PBXFileReference; lastKnownFileType = wrapper.framework; name = Foundation.framework; path = System/Library/Frameworks/Foundation.framework; sourceTree = SDKROOT; };
		15A5427E172DBFB90062531E /* CoreGraphics.framework */ = {isa = PBXFileReference; lastKnownFileType = wrapper.framework; name = CoreGraphics.framework; path = System/Library/Frameworks/CoreGraphics.framework; sourceTree = SDKROOT; };
		15A54282172DBFB90062531E /* OCInjection-Info.plist */ = {isa = PBXFileReference; lastKnownFileType = text.plist.xml; path = "OCInjection-Info.plist"; sourceTree = "<group>"; };
		15A54284172DBFB90062531E /* en */ = {isa = PBXFileReference; lastKnownFileType = text.plist.strings; name = en; path = en.lproj/InfoPlist.strings; sourceTree = "<group>"; };
		15A54286172DBFB90062531E /* main.m */ = {isa = PBXFileReference; lastKnownFileType = sourcecode.c.objc; path = main.m; sourceTree = "<group>"; };
		15A54288172DBFB90062531E /* OCInjection-Prefix.pch */ = {isa = PBXFileReference; lastKnownFileType = sourcecode.c.h; path = "OCInjection-Prefix.pch"; sourceTree = "<group>"; };
		15A54289172DBFB90062531E /* AppDelegate.h */ = {isa = PBXFileReference; lastKnownFileType = sourcecode.c.h; path = AppDelegate.h; sourceTree = "<group>"; };
		15A5428A172DBFB90062531E /* AppDelegate.m */ = {isa = PBXFileReference; lastKnownFileType = sourcecode.c.objc; path = AppDelegate.m; sourceTree = "<group>"; };
		15A5428C172DBFB90062531E /* Default.png */ = {isa = PBXFileReference; lastKnownFileType = image.png; path = Default.png; sourceTree = "<group>"; };
		15A5428E172DBFB90062531E /* Default@2x.png */ = {isa = PBXFileReference; lastKnownFileType = image.png; path = "Default@2x.png"; sourceTree = "<group>"; };
		15A54290172DBFB90062531E /* Default-568h@2x.png */ = {isa = PBXFileReference; lastKnownFileType = image.png; path = "Default-568h@2x.png"; sourceTree = "<group>"; };
		15A54293172DBFB90062531E /* en */ = {isa = PBXFileReference; lastKnownFileType = file.storyboard; name = en; path = en.lproj/MainStoryboard_iPhone.storyboard; sourceTree = "<group>"; };
		15A54296172DBFB90062531E /* en */ = {isa = PBXFileReference; lastKnownFileType = file.storyboard; name = en; path = en.lproj/MainStoryboard_iPad.storyboard; sourceTree = "<group>"; };
		15A542A0172DBFB90062531E /* OCInjectionTests.octest */ = {isa = PBXFileReference; explicitFileType = wrapper.cfbundle; includeInIndex = 0; path = OCInjectionTests.octest; sourceTree = BUILT_PRODUCTS_DIR; };
		15A542A1172DBFB90062531E /* SenTestingKit.framework */ = {isa = PBXFileReference; lastKnownFileType = wrapper.framework; name = SenTestingKit.framework; path = Library/Frameworks/SenTestingKit.framework; sourceTree = DEVELOPER_DIR; };
		15A542A9172DBFBA0062531E /* OCInjectionTests-Info.plist */ = {isa = PBXFileReference; lastKnownFileType = text.plist.xml; path = "OCInjectionTests-Info.plist"; sourceTree = "<group>"; };
		15A542AB172DBFBA0062531E /* en */ = {isa = PBXFileReference; lastKnownFileType = text.plist.strings; name = en; path = en.lproj/InfoPlist.strings; sourceTree = "<group>"; };
		15A542AD172DBFBA0062531E /* ViewControllerTests.h */ = {isa = PBXFileReference; lastKnownFileType = sourcecode.c.h; path = ViewControllerTests.h; sourceTree = "<group>"; };
		15A542AE172DBFBA0062531E /* ViewControllerTests.m */ = {isa = PBXFileReference; lastKnownFileType = sourcecode.c.objc; path = ViewControllerTests.m; sourceTree = "<group>"; };
		15A542D6172E064A0062531E /* DIInjector.h */ = {isa = PBXFileReference; fileEncoding = 4; lastKnownFileType = sourcecode.c.h; path = DIInjector.h; sourceTree = "<group>"; };
		15A542D7172E064A0062531E /* DIInjector.m */ = {isa = PBXFileReference; fileEncoding = 4; lastKnownFileType = sourcecode.c.objc; path = DIInjector.m; sourceTree = "<group>"; };
		15A542E4172E06870062531E /* ViewController.h */ = {isa = PBXFileReference; fileEncoding = 4; lastKnownFileType = sourcecode.c.h; path = ViewController.h; sourceTree = "<group>"; };
		15A542E5172E06870062531E /* ViewController.m */ = {isa = PBXFileReference; fileEncoding = 4; lastKnownFileType = sourcecode.c.objc; path = ViewController.m; sourceTree = "<group>"; };
		15A542EB172E0A820062531E /* DIConfig.h */ = {isa = PBXFileReference; fileEncoding = 4; lastKnownFileType = sourcecode.c.h; path = DIConfig.h; sourceTree = "<group>"; };
		15A542EC172E0A820062531E /* DIConfig.m */ = {isa = PBXFileReference; fileEncoding = 4; lastKnownFileType = sourcecode.c.objc; path = DIConfig.m; sourceTree = "<group>"; };
		15A542F5172E11CA0062531E /* DIMockConfig.h */ = {isa = PBXFileReference; fileEncoding = 4; lastKnownFileType = sourcecode.c.h; path = DIMockConfig.h; sourceTree = "<group>"; };
		15A542F6172E11CA0062531E /* DIMockConfig.m */ = {isa = PBXFileReference; fileEncoding = 4; lastKnownFileType = sourcecode.c.objc; path = DIMockConfig.m; sourceTree = "<group>"; };
		15A54323172E1F040062531E /* libOCMock.a */ = {isa = PBXFileReference; lastKnownFileType = archive.ar; path = libOCMock.a; sourceTree = "<group>"; };
		15A54325172E1F040062531E /* NSNotificationCenter+OCMAdditions.h */ = {isa = PBXFileReference; fileEncoding = 4; lastKnownFileType = sourcecode.c.h; path = "NSNotificationCenter+OCMAdditions.h"; sourceTree = "<group>"; };
		15A54326172E1F040062531E /* OCMArg.h */ = {isa = PBXFileReference; fileEncoding = 4; lastKnownFileType = sourcecode.c.h; path = OCMArg.h; sourceTree = "<group>"; };
		15A54327172E1F040062531E /* OCMConstraint.h */ = {isa = PBXFileReference; fileEncoding = 4; lastKnownFileType = sourcecode.c.h; path = OCMConstraint.h; sourceTree = "<group>"; };
		15A54328172E1F040062531E /* OCMock.h */ = {isa = PBXFileReference; fileEncoding = 4; lastKnownFileType = sourcecode.c.h; path = OCMock.h; sourceTree = "<group>"; };
		15A54329172E1F040062531E /* OCMockObject.h */ = {isa = PBXFileReference; fileEncoding = 4; lastKnownFileType = sourcecode.c.h; path = OCMockObject.h; sourceTree = "<group>"; };
		15A5432A172E1F040062531E /* OCMockRecorder.h */ = {isa = PBXFileReference; fileEncoding = 4; lastKnownFileType = sourcecode.c.h; path = OCMockRecorder.h; sourceTree = "<group>"; };
		15C9AC7B18A7FD8B006E6F27 /* DIContructorInjectorProxy.h */ = {isa = PBXFileReference; fileEncoding = 4; lastKnownFileType = sourcecode.c.h; path = DIContructorInjectorProxy.h; sourceTree = "<group>"; };
		15C9AC7C18A7FD8B006E6F27 /* DIContructorInjectorProxy.m */ = {isa = PBXFileReference; fileEncoding = 4; lastKnownFileType = sourcecode.c.objc; path = DIContructorInjectorProxy.m; sourceTree = "<group>"; };
		15C9AC7E18A81C33006E6F27 /* DIInjectionInfo.h */ = {isa = PBXFileReference; fileEncoding = 4; lastKnownFileType = sourcecode.c.h; path = DIInjectionInfo.h; sourceTree = "<group>"; };
		15C9AC7F18A81C33006E6F27 /* DIInjectionInfo.m */ = {isa = PBXFileReference; fileEncoding = 4; lastKnownFileType = sourcecode.c.objc; path = DIInjectionInfo.m; sourceTree = "<group>"; };
		993F03C71730257500A21C93 /* DIAbstractModule.h */ = {isa = PBXFileReference; fileEncoding = 4; lastKnownFileType = sourcecode.c.h; path = DIAbstractModule.h; sourceTree = "<group>"; };
		993F03C81730257500A21C93 /* DIAbstractModule.m */ = {isa = PBXFileReference; fileEncoding = 4; lastKnownFileType = sourcecode.c.objc; path = DIAbstractModule.m; sourceTree = "<group>"; };
		993F0425173169D700A21C93 /* DIInjectorTest.h */ = {isa = PBXFileReference; fileEncoding = 4; lastKnownFileType = sourcecode.c.h; path = DIInjectorTest.h; sourceTree = "<group>"; };
		993F042917316AD200A21C93 /* DIInjectorTest.m */ = {isa = PBXFileReference; fileEncoding = 4; lastKnownFileType = sourcecode.c.objc; path = DIInjectorTest.m; sourceTree = "<group>"; };
/* End PBXFileReference section */

/* Begin PBXFrameworksBuildPhase section */
		15A54273172DBFB90062531E /* Frameworks */ = {
			isa = PBXFrameworksBuildPhase;
			buildActionMask = 2147483647;
			files = (
				15A5427B172DBFB90062531E /* UIKit.framework in Frameworks */,
				15A5427D172DBFB90062531E /* Foundation.framework in Frameworks */,
				15A5427F172DBFB90062531E /* CoreGraphics.framework in Frameworks */,
			);
			runOnlyForDeploymentPostprocessing = 0;
		};
		15A5429C172DBFB90062531E /* Frameworks */ = {
			isa = PBXFrameworksBuildPhase;
			buildActionMask = 2147483647;
			files = (
				15A542A2172DBFB90062531E /* SenTestingKit.framework in Frameworks */,
				15A542A3172DBFB90062531E /* UIKit.framework in Frameworks */,
				15A542A4172DBFB90062531E /* Foundation.framework in Frameworks */,
				15A5432B172E1F040062531E /* libOCMock.a in Frameworks */,
			);
			runOnlyForDeploymentPostprocessing = 0;
		};
/* End PBXFrameworksBuildPhase section */

/* Begin PBXGroup section */
		15838891172E2D2D006DE713 /* Services */ = {
			isa = PBXGroup;
			children = (
				15838892172E2D2D006DE713 /* Client */,
				15838896172E2D2D006DE713 /* GoogleClient.h */,
				15838897172E2D2D006DE713 /* GoogleClient.m */,
				15838898172E2D2D006DE713 /* GoogleClientProtocol.h */,
				15838899172E2D2D006DE713 /* YahooClient.h */,
				1583889A172E2D2D006DE713 /* YahooClient.m */,
			);
			path = Services;
			sourceTree = "<group>";
		};
		15838892172E2D2D006DE713 /* Client */ = {
			isa = PBXGroup;
			children = (
				15838893172E2D2D006DE713 /* Client.h */,
				15838894172E2D2D006DE713 /* Client.m */,
				15838895172E2D2D006DE713 /* ClientProtocol.h */,
			);
			path = Client;
			sourceTree = "<group>";
		};
		15A5426B172DBFB90062531E = {
			isa = PBXGroup;
			children = (
				15A54280172DBFB90062531E /* OCInjection */,
				15A542A7172DBFB90062531E /* OCInjectionTests */,
				15A54279172DBFB90062531E /* Frameworks */,
				15A54277172DBFB90062531E /* Products */,
			);
			sourceTree = "<group>";
		};
		15A54277172DBFB90062531E /* Products */ = {
			isa = PBXGroup;
			children = (
				15A54276172DBFB90062531E /* OCInjection.app */,
				15A542A0172DBFB90062531E /* OCInjectionTests.octest */,
			);
			name = Products;
			sourceTree = "<group>";
		};
		15A54279172DBFB90062531E /* Frameworks */ = {
			isa = PBXGroup;
			children = (
				15A5427A172DBFB90062531E /* UIKit.framework */,
				15A5427C172DBFB90062531E /* Foundation.framework */,
				15A5427E172DBFB90062531E /* CoreGraphics.framework */,
				15A542A1172DBFB90062531E /* SenTestingKit.framework */,
			);
			name = Frameworks;
			sourceTree = "<group>";
		};
		15A54280172DBFB90062531E /* OCInjection */ = {
			isa = PBXGroup;
			children = (
				15A542DA172E06870062531E /* Example */,
				15A54281172DBFB90062531E /* Supporting Files */,
				15A542D5172E064A0062531E /* Source */,
				15A54289172DBFB90062531E /* AppDelegate.h */,
				15A5428A172DBFB90062531E /* AppDelegate.m */,
				15A54292172DBFB90062531E /* MainStoryboard_iPhone.storyboard */,
				15A54295172DBFB90062531E /* MainStoryboard_iPad.storyboard */,
			);
			path = OCInjection;
			sourceTree = "<group>";
		};
		15A54281172DBFB90062531E /* Supporting Files */ = {
			isa = PBXGroup;
			children = (
				15A54282172DBFB90062531E /* OCInjection-Info.plist */,
				15A54283172DBFB90062531E /* InfoPlist.strings */,
				15A54286172DBFB90062531E /* main.m */,
				15A54288172DBFB90062531E /* OCInjection-Prefix.pch */,
				15A5428C172DBFB90062531E /* Default.png */,
				15A5428E172DBFB90062531E /* Default@2x.png */,
				15A54290172DBFB90062531E /* Default-568h@2x.png */,
			);
			name = "Supporting Files";
			sourceTree = "<group>";
		};
		15A542A7172DBFB90062531E /* OCInjectionTests */ = {
			isa = PBXGroup;
			children = (
				15A542A8172DBFBA0062531E /* Supporting Files */,
				15A54322172E1E8E0062531E /* Libraries */,
				15A542AD172DBFBA0062531E /* ViewControllerTests.h */,
				15A542AE172DBFBA0062531E /* ViewControllerTests.m */,
				15A542F5172E11CA0062531E /* DIMockConfig.h */,
				15A542F6172E11CA0062531E /* DIMockConfig.m */,
				993F0425173169D700A21C93 /* DIInjectorTest.h */,
				993F042917316AD200A21C93 /* DIInjectorTest.m */,
			);
			path = OCInjectionTests;
			sourceTree = "<group>";
		};
		15A542A8172DBFBA0062531E /* Supporting Files */ = {
			isa = PBXGroup;
			children = (
				15A542A9172DBFBA0062531E /* OCInjectionTests-Info.plist */,
				15A542AA172DBFBA0062531E /* InfoPlist.strings */,
			);
			name = "Supporting Files";
			sourceTree = "<group>";
		};
		15A542D5172E064A0062531E /* Source */ = {
			isa = PBXGroup;
			children = (
				158388B717304DF3006DE713 /* OCInjection.h */,
				15A542D6172E064A0062531E /* DIInjector.h */,
				15A542D7172E064A0062531E /* DIInjector.m */,
				993F03C71730257500A21C93 /* DIAbstractModule.h */,
				993F03C81730257500A21C93 /* DIAbstractModule.m */,
				15C9AC7B18A7FD8B006E6F27 /* DIContructorInjectorProxy.h */,
				15C9AC7C18A7FD8B006E6F27 /* DIContructorInjectorProxy.m */,
				15C9AC7E18A81C33006E6F27 /* DIInjectionInfo.h */,
				15C9AC7F18A81C33006E6F27 /* DIInjectionInfo.m */,
			);
			path = Source;
			sourceTree = "<group>";
		};
		15A542DA172E06870062531E /* Example */ = {
			isa = PBXGroup;
			children = (
				15838891172E2D2D006DE713 /* Services */,
				15A542EB172E0A820062531E /* DIConfig.h */,
				15A542EC172E0A820062531E /* DIConfig.m */,
				15A542E4172E06870062531E /* ViewController.h */,
				15A542E5172E06870062531E /* ViewController.m */,
			);
			path = Example;
			sourceTree = "<group>";
		};
		15A54322172E1E8E0062531E /* Libraries */ = {
			isa = PBXGroup;
			children = (
				15A54323172E1F040062531E /* libOCMock.a */,
				15A54324172E1F040062531E /* OCMock */,
			);
			path = Libraries;
			sourceTree = "<group>";
		};
		15A54324172E1F040062531E /* OCMock */ = {
			isa = PBXGroup;
			children = (
				15A54325172E1F040062531E /* NSNotificationCenter+OCMAdditions.h */,
				15A54326172E1F040062531E /* OCMArg.h */,
				15A54327172E1F040062531E /* OCMConstraint.h */,
				15A54328172E1F040062531E /* OCMock.h */,
				15A54329172E1F040062531E /* OCMockObject.h */,
				15A5432A172E1F040062531E /* OCMockRecorder.h */,
			);
			path = OCMock;
			sourceTree = "<group>";
		};
/* End PBXGroup section */

/* Begin PBXNativeTarget section */
		15A54275172DBFB90062531E /* OCInjection */ = {
			isa = PBXNativeTarget;
			buildConfigurationList = 15A542B2172DBFBA0062531E /* Build configuration list for PBXNativeTarget "OCInjection" */;
			buildPhases = (
				15A54272172DBFB90062531E /* Sources */,
				15A54273172DBFB90062531E /* Frameworks */,
				15A54274172DBFB90062531E /* Resources */,
			);
			buildRules = (
			);
			dependencies = (
			);
			name = OCInjection;
			productName = OCDependencyInjection;
			productReference = 15A54276172DBFB90062531E /* OCInjection.app */;
			productType = "com.apple.product-type.application";
		};
		15A5429F172DBFB90062531E /* OCInjectionTests */ = {
			isa = PBXNativeTarget;
			buildConfigurationList = 15A542B5172DBFBA0062531E /* Build configuration list for PBXNativeTarget "OCInjectionTests" */;
			buildPhases = (
				15A5429B172DBFB90062531E /* Sources */,
				15A5429C172DBFB90062531E /* Frameworks */,
				15A5429D172DBFB90062531E /* Resources */,
				15A5429E172DBFB90062531E /* ShellScript */,
			);
			buildRules = (
			);
			dependencies = (
				15A542A6172DBFB90062531E /* PBXTargetDependency */,
			);
			name = OCInjectionTests;
			productName = OCDependencyInjectionTests;
			productReference = 15A542A0172DBFB90062531E /* OCInjectionTests.octest */;
			productType = "com.apple.product-type.bundle";
		};
/* End PBXNativeTarget section */

/* Begin PBXProject section */
		15A5426D172DBFB90062531E /* Project object */ = {
			isa = PBXProject;
			attributes = {
				LastUpgradeCheck = 0500;
				ORGANIZATIONNAME = "Aryan Ghassemi";
			};
			buildConfigurationList = 15A54270172DBFB90062531E /* Build configuration list for PBXProject "OCInjection" */;
			compatibilityVersion = "Xcode 3.2";
			developmentRegion = English;
			hasScannedForEncodings = 0;
			knownRegions = (
				en,
			);
			mainGroup = 15A5426B172DBFB90062531E;
			productRefGroup = 15A54277172DBFB90062531E /* Products */;
			projectDirPath = "";
			projectRoot = "";
			targets = (
				15A54275172DBFB90062531E /* OCInjection */,
				15A5429F172DBFB90062531E /* OCInjectionTests */,
			);
		};
/* End PBXProject section */

/* Begin PBXResourcesBuildPhase section */
		15A54274172DBFB90062531E /* Resources */ = {
			isa = PBXResourcesBuildPhase;
			buildActionMask = 2147483647;
			files = (
				15A54285172DBFB90062531E /* InfoPlist.strings in Resources */,
				15A5428D172DBFB90062531E /* Default.png in Resources */,
				15A5428F172DBFB90062531E /* Default@2x.png in Resources */,
				15A54291172DBFB90062531E /* Default-568h@2x.png in Resources */,
				15A54294172DBFB90062531E /* MainStoryboard_iPhone.storyboard in Resources */,
				15A54297172DBFB90062531E /* MainStoryboard_iPad.storyboard in Resources */,
			);
			runOnlyForDeploymentPostprocessing = 0;
		};
		15A5429D172DBFB90062531E /* Resources */ = {
			isa = PBXResourcesBuildPhase;
			buildActionMask = 2147483647;
			files = (
				15A542AC172DBFBA0062531E /* InfoPlist.strings in Resources */,
			);
			runOnlyForDeploymentPostprocessing = 0;
		};
/* End PBXResourcesBuildPhase section */

/* Begin PBXShellScriptBuildPhase section */
		15A5429E172DBFB90062531E /* ShellScript */ = {
			isa = PBXShellScriptBuildPhase;
			buildActionMask = 2147483647;
			files = (
			);
			inputPaths = (
			);
			outputPaths = (
			);
			runOnlyForDeploymentPostprocessing = 0;
			shellPath = /bin/sh;
			shellScript = "# Run the unit tests in this test bundle.\n\"${SYSTEM_DEVELOPER_DIR}/Tools/RunUnitTests\"\n";
		};
/* End PBXShellScriptBuildPhase section */

/* Begin PBXSourcesBuildPhase section */
		15A54272172DBFB90062531E /* Sources */ = {
			isa = PBXSourcesBuildPhase;
			buildActionMask = 2147483647;
			files = (
				15A54287172DBFB90062531E /* main.m in Sources */,
				15A5428B172DBFB90062531E /* AppDelegate.m in Sources */,
				15C9AC7D18A7FD8B006E6F27 /* DIContructorInjectorProxy.m in Sources */,
				15A542D8172E064A0062531E /* DIInjector.m in Sources */,
				15A542EA172E06870062531E /* ViewController.m in Sources */,
				15A542ED172E0A820062531E /* DIConfig.m in Sources */,
				1583889B172E2D2D006DE713 /* Client.m in Sources */,
				1583889C172E2D2D006DE713 /* GoogleClient.m in Sources */,
				15C9AC8018A81C33006E6F27 /* DIInjectionInfo.m in Sources */,
				1583889D172E2D2D006DE713 /* YahooClient.m in Sources */,
				993F03C91730257500A21C93 /* DIAbstractModule.m in Sources */,
			);
			runOnlyForDeploymentPostprocessing = 0;
		};
		15A5429B172DBFB90062531E /* Sources */ = {
			isa = PBXSourcesBuildPhase;
			buildActionMask = 2147483647;
			files = (
				15A542AF172DBFBA0062531E /* ViewControllerTests.m in Sources */,
				15A542F7172E11CA0062531E /* DIMockConfig.m in Sources */,
				993F042A17316AD200A21C93 /* DIInjectorTest.m in Sources */,
			);
			runOnlyForDeploymentPostprocessing = 0;
		};
/* End PBXSourcesBuildPhase section */

/* Begin PBXTargetDependency section */
		15A542A6172DBFB90062531E /* PBXTargetDependency */ = {
			isa = PBXTargetDependency;
			target = 15A54275172DBFB90062531E /* OCInjection */;
			targetProxy = 15A542A5172DBFB90062531E /* PBXContainerItemProxy */;
		};
/* End PBXTargetDependency section */

/* Begin PBXVariantGroup section */
		15A54283172DBFB90062531E /* InfoPlist.strings */ = {
			isa = PBXVariantGroup;
			children = (
				15A54284172DBFB90062531E /* en */,
			);
			name = InfoPlist.strings;
			sourceTree = "<group>";
		};
		15A54292172DBFB90062531E /* MainStoryboard_iPhone.storyboard */ = {
			isa = PBXVariantGroup;
			children = (
				15A54293172DBFB90062531E /* en */,
			);
			name = MainStoryboard_iPhone.storyboard;
			sourceTree = "<group>";
		};
		15A54295172DBFB90062531E /* MainStoryboard_iPad.storyboard */ = {
			isa = PBXVariantGroup;
			children = (
				15A54296172DBFB90062531E /* en */,
			);
			name = MainStoryboard_iPad.storyboard;
			sourceTree = "<group>";
		};
		15A542AA172DBFBA0062531E /* InfoPlist.strings */ = {
			isa = PBXVariantGroup;
			children = (
				15A542AB172DBFBA0062531E /* en */,
			);
			name = InfoPlist.strings;
			sourceTree = "<group>";
		};
/* End PBXVariantGroup section */

/* Begin XCBuildConfiguration section */
		15A542B0172DBFBA0062531E /* Debug */ = {
			isa = XCBuildConfiguration;
			buildSettings = {
				ALWAYS_SEARCH_USER_PATHS = NO;
				CLANG_CXX_LANGUAGE_STANDARD = "gnu++0x";
				CLANG_CXX_LIBRARY = "libc++";
				CLANG_ENABLE_OBJC_ARC = YES;
				CLANG_WARN_EMPTY_BODY = YES;
				CLANG_WARN__DUPLICATE_METHOD_MATCH = YES;
				"CODE_SIGN_IDENTITY[sdk=iphoneos*]" = "iPhone Developer";
				COPY_PHASE_STRIP = NO;
				GCC_C_LANGUAGE_STANDARD = gnu99;
				GCC_DYNAMIC_NO_PIC = NO;
				GCC_OPTIMIZATION_LEVEL = 0;
				GCC_PREPROCESSOR_DEFINITIONS = (
					"DEBUG=1",
					"$(inherited)",
				);
				GCC_SYMBOLS_PRIVATE_EXTERN = NO;
				GCC_WARN_ABOUT_RETURN_TYPE = YES;
				GCC_WARN_UNINITIALIZED_AUTOS = YES;
				GCC_WARN_UNUSED_VARIABLE = YES;
				IPHONEOS_DEPLOYMENT_TARGET = 6.0;
				ONLY_ACTIVE_ARCH = YES;
				SDKROOT = iphoneos;
				TARGETED_DEVICE_FAMILY = "1,2";
			};
			name = Debug;
		};
		15A542B1172DBFBA0062531E /* Release */ = {
			isa = XCBuildConfiguration;
			buildSettings = {
				ALWAYS_SEARCH_USER_PATHS = NO;
				CLANG_CXX_LANGUAGE_STANDARD = "gnu++0x";
				CLANG_CXX_LIBRARY = "libc++";
				CLANG_ENABLE_OBJC_ARC = YES;
				CLANG_WARN_EMPTY_BODY = YES;
				CLANG_WARN__DUPLICATE_METHOD_MATCH = YES;
				"CODE_SIGN_IDENTITY[sdk=iphoneos*]" = "iPhone Developer";
				COPY_PHASE_STRIP = YES;
				GCC_C_LANGUAGE_STANDARD = gnu99;
				GCC_WARN_ABOUT_RETURN_TYPE = YES;
				GCC_WARN_UNINITIALIZED_AUTOS = YES;
				GCC_WARN_UNUSED_VARIABLE = YES;
				IPHONEOS_DEPLOYMENT_TARGET = 6.0;
				OTHER_CFLAGS = "-DNS_BLOCK_ASSERTIONS=1";
				SDKROOT = iphoneos;
				TARGETED_DEVICE_FAMILY = "1,2";
				VALIDATE_PRODUCT = YES;
			};
			name = Release;
		};
		15A542B3172DBFBA0062531E /* Debug */ = {
			isa = XCBuildConfiguration;
			buildSettings = {
				GCC_PRECOMPILE_PREFIX_HEADER = YES;
				GCC_PREFIX_HEADER = "OCInjection/OCInjection-Prefix.pch";
				INFOPLIST_FILE = "OCInjection/OCInjection-Info.plist";
				LIBRARY_SEARCH_PATHS = (
					"$(inherited)",
					"\"$(SRCROOT)/OCInjection/Libraries\"",
				);
				PRODUCT_NAME = OCInjection;
				WRAPPER_EXTENSION = app;
			};
			name = Debug;
		};
		15A542B4172DBFBA0062531E /* Release */ = {
			isa = XCBuildConfiguration;
			buildSettings = {
				GCC_PRECOMPILE_PREFIX_HEADER = YES;
				GCC_PREFIX_HEADER = "OCInjection/OCInjection-Prefix.pch";
				INFOPLIST_FILE = "OCInjection/OCInjection-Info.plist";
				LIBRARY_SEARCH_PATHS = (
					"$(inherited)",
					"\"$(SRCROOT)/OCInjection/Libraries\"",
				);
				PRODUCT_NAME = OCInjection;
				WRAPPER_EXTENSION = app;
			};
			name = Release;
		};
		15A542B6172DBFBA0062531E /* Debug */ = {
			isa = XCBuildConfiguration;
			buildSettings = {
				BUNDLE_LOADER = "$(BUILT_PRODUCTS_DIR)/OCInjection.app/OCInjection";
				FRAMEWORK_SEARCH_PATHS = (
					"\"$(SDKROOT)/Developer/Library/Frameworks\"",
					"\"$(DEVELOPER_LIBRARY_DIR)/Frameworks\"",
				);
				GCC_PRECOMPILE_PREFIX_HEADER = YES;
				GCC_PREFIX_HEADER = "OCInjection/OCInjection-Prefix.pch";
				HEADER_SEARCH_PATHS = "$(SRCROOT)/OCInjectionTests/Libraries";
				INFOPLIST_FILE = "OCInjectionTests/OCInjectionTests-Info.plist";
				LIBRARY_SEARCH_PATHS = (
					"$(inherited)",
					"\"$(SRCROOT)/OCInjectionTests/Libraries\"",
				);
				OTHER_LDFLAGS = (
					"-force_load",
					"$(SRCROOT)/OCInjectionTests/Libraries/libOCMock.a",
				);
				PRODUCT_NAME = OCInjectionTests;
				TEST_HOST = "$(BUNDLE_LOADER)";
				WRAPPER_EXTENSION = octest;
			};
			name = Debug;
		};
		15A542B7172DBFBA0062531E /* Release */ = {
			isa = XCBuildConfiguration;
			buildSettings = {
				BUNDLE_LOADER = "$(BUILT_PRODUCTS_DIR)/OCInjection.app/OCInjection";
				FRAMEWORK_SEARCH_PATHS = (
					"\"$(SDKROOT)/Developer/Library/Frameworks\"",
					"\"$(DEVELOPER_LIBRARY_DIR)/Frameworks\"",
				);
				GCC_PRECOMPILE_PREFIX_HEADER = YES;
				GCC_PREFIX_HEADER = "OCInjection/OCInjection-Prefix.pch";
				HEADER_SEARCH_PATHS = "$(SRCROOT)/OCInjectionTests/Libraries";
				INFOPLIST_FILE = "OCInjectionTests/OCInjectionTests-Info.plist";
				LIBRARY_SEARCH_PATHS = (
					"$(inherited)",
					"\"$(SRCROOT)/OCInjectionTests/Libraries\"",
				);
				OTHER_LDFLAGS = (
					"-force_load",
					"$(SRCROOT)/OCInjectionTests/Libraries/libOCMock.a",
				);
				PRODUCT_NAME = OCInjectionTests;
				TEST_HOST = "$(BUNDLE_LOADER)";
				WRAPPER_EXTENSION = octest;
			};
			name = Release;
		};
/* End XCBuildConfiguration section */

/* Begin XCConfigurationList section */
		15A54270172DBFB90062531E /* Build configuration list for PBXProject "OCInjection" */ = {
			isa = XCConfigurationList;
			buildConfigurations = (
				15A542B0172DBFBA0062531E /* Debug */,
				15A542B1172DBFBA0062531E /* Release */,
			);
			defaultConfigurationIsVisible = 0;
			defaultConfigurationName = Release;
		};
		15A542B2172DBFBA0062531E /* Build configuration list for PBXNativeTarget "OCInjection" */ = {
			isa = XCConfigurationList;
			buildConfigurations = (
				15A542B3172DBFBA0062531E /* Debug */,
				15A542B4172DBFBA0062531E /* Release */,
			);
			defaultConfigurationIsVisible = 0;
			defaultConfigurationName = Release;
		};
		15A542B5172DBFBA0062531E /* Build configuration list for PBXNativeTarget "OCInjectionTests" */ = {
			isa = XCConfigurationList;
			buildConfigurations = (
				15A542B6172DBFBA0062531E /* Debug */,
				15A542B7172DBFBA0062531E /* Release */,
			);
			defaultConfigurationIsVisible = 0;
			defaultConfigurationName = Release;
		};
/* End XCConfigurationList section */
	};
	rootObject = 15A5426D172DBFB90062531E /* Project object */;
}
